// !$*UTF8*$!
{
	archiveVersion = 1;
	classes = {
	};
	objectVersion = 42;
	objects = {

/* Begin PBXAppleScriptBuildPhase section */
		2C4E27B2084273B000004A96 /* AppleScript */ = {
			isa = PBXAppleScriptBuildPhase;
			buildActionMask = 2147483647;
			contextName = "";
			files = (
				2C4E27B4084273B000004A96 /* TeXCompileObj.applescript in AppleScript */,
				2C4E27B5084273B000004A96 /* EditCommands.applescript in AppleScript */,
				2C4E27B6084273B000004A96 /* LogFileParser.applescript in AppleScript */,
				2C4E27B7084273B000004A96 /* ColorSwitch.applescript in AppleScript */,
				2C4E27B8084273B000004A96 /* UtilityHandlers.applescript in AppleScript */,
				2C4E27B9084273B000004A96 /* MessageUtility.applescript in AppleScript */,
				2C4E27BA084273B000004A96 /* TerminalSettingObj.applescript in AppleScript */,
				2C4E27BB084273B000004A96 /* PDFObj.applescript in AppleScript */,
				2C4E27BC084273B000004A96 /* TeXDocObj.applescript in AppleScript */,
				2C4E27BD084273B000004A96 /* DVIObj.applescript in AppleScript */,
				2C4E27BE084273B000004A96 /* DefaultsManager.applescript in AppleScript */,
				2C4E27BF084273B000004A96 /* SettingWindowController.applescript in AppleScript */,
				2C4E27C1084273B000004A96 /* ReplaceInputObj.applescript in AppleScript */,
				2C4E27C3084273B000004A96 /* TerminalCommander.applescript in AppleScript */,
				2CA3F88308BEE59500F997B9 /* ToolPaletteController.applescript in AppleScript */,
				2C6CA3AC08CF5572005D5612 /* RefPanelController.applescript in AppleScript */,
				2C6CA3C108CF559E005D5612 /* LabelListObj.applescript in AppleScript */,
				2C6CA44208CFC6D2005D5612 /* SheetManager.applescript in AppleScript */,
				2CE77AD508E257D200C3AD21 /* ToolPaletteButtons.applescript in AppleScript */,
				2C2B7B9309BC172500B6B3F6 /* TeXCompileServer.applescript in AppleScript */,
			);
			isSharedContext = 0;
			runOnlyForDeploymentPostprocessing = 0;
		};
/* End PBXAppleScriptBuildPhase section */

/* Begin PBXBuildFile section */
		2C2B7B9309BC172500B6B3F6 /* TeXCompileServer.applescript in AppleScript */ = {isa = PBXBuildFile; fileRef = DA206CF3015C4E8B03C91932 /* TeXCompileServer.applescript */; settings = {ATTRIBUTES = (Debug, ); }; };
		2C2B7E4609BD233F00B6B3F6 /* PathExtra.h in Headers */ = {isa = PBXBuildFile; fileRef = 2C2B7E4409BD233F00B6B3F6 /* PathExtra.h */; };
		2C2B7E4709BD233F00B6B3F6 /* PathExtra.m in Sources */ = {isa = PBXBuildFile; fileRef = 2C2B7E4509BD233F00B6B3F6 /* PathExtra.m */; };
		2C4E27AF084273B000004A96 /* SmartActivate.h in Headers */ = {isa = PBXBuildFile; fileRef = 2C2E5293080625270015E9EB /* SmartActivate.h */; };
		2C4E27B0084273B000004A96 /* LogParser.h in Headers */ = {isa = PBXBuildFile; fileRef = 2CDACD7F0813BE3F000B9086 /* LogParser.h */; };
		2C4E27B1084273B000004A96 /* stringExtra.h in Headers */ = {isa = PBXBuildFile; fileRef = 2CDACD800813BE3F000B9086 /* stringExtra.h */; };
		2C4E27B4084273B000004A96 /* TeXCompileObj.applescript in AppleScript */ = {isa = PBXBuildFile; fileRef = 2C6FB9BD06255005004731C7 /* TeXCompileObj.applescript */; settings = {ATTRIBUTES = (Debug, ); }; };
		2C4E27B5084273B000004A96 /* EditCommands.applescript in AppleScript */ = {isa = PBXBuildFile; fileRef = 2C6FB9C906255508004731C7 /* EditCommands.applescript */; settings = {ATTRIBUTES = (Debug, ); }; };
		2C4E27B6084273B000004A96 /* LogFileParser.applescript in AppleScript */ = {isa = PBXBuildFile; fileRef = 2C329BDD063AB42000C9A56F /* LogFileParser.applescript */; settings = {ATTRIBUTES = (Debug, ); }; };
		2C4E27B7084273B000004A96 /* ColorSwitch.applescript in AppleScript */ = {isa = PBXBuildFile; fileRef = 2C1732EF063C19ED000FEAF8 /* ColorSwitch.applescript */; settings = {ATTRIBUTES = (Debug, ); }; };
		2C4E27B8084273B000004A96 /* UtilityHandlers.applescript in AppleScript */ = {isa = PBXBuildFile; fileRef = 2C1732F1063C1A19000FEAF8 /* UtilityHandlers.applescript */; settings = {ATTRIBUTES = (Debug, ); }; };
		2C4E27B9084273B000004A96 /* MessageUtility.applescript in AppleScript */ = {isa = PBXBuildFile; fileRef = 2C1732F7063C1BD0000FEAF8 /* MessageUtility.applescript */; settings = {ATTRIBUTES = (Debug, ); }; };
		2C4E27BA084273B000004A96 /* TerminalSettingObj.applescript in AppleScript */ = {isa = PBXBuildFile; fileRef = 2C17332A063C1C9D000FEAF8 /* TerminalSettingObj.applescript */; settings = {ATTRIBUTES = (Debug, ); }; };
		2C4E27BB084273B000004A96 /* PDFObj.applescript in AppleScript */ = {isa = PBXBuildFile; fileRef = 2CDA10AA069404FE00467991 /* PDFObj.applescript */; settings = {ATTRIBUTES = (Debug, ); }; };
		2C4E27BC084273B000004A96 /* TeXDocObj.applescript in AppleScript */ = {isa = PBXBuildFile; fileRef = 2CCD19FA06BE5DF800B6B166 /* TeXDocObj.applescript */; settings = {ATTRIBUTES = (Debug, ); }; };
		2C4E27BD084273B000004A96 /* DVIObj.applescript in AppleScript */ = {isa = PBXBuildFile; fileRef = 2CCD1A4A06BE616C00B6B166 /* DVIObj.applescript */; settings = {ATTRIBUTES = (Debug, ); }; };
		2C4E27BE084273B000004A96 /* DefaultsManager.applescript in AppleScript */ = {isa = PBXBuildFile; fileRef = 2C7C492E07960C830026564C /* DefaultsManager.applescript */; settings = {ATTRIBUTES = (Debug, ); }; };
		2C4E27BF084273B000004A96 /* SettingWindowController.applescript in AppleScript */ = {isa = PBXBuildFile; fileRef = 2C7C493607960CCD0026564C /* SettingWindowController.applescript */; settings = {ATTRIBUTES = (Debug, ); }; };
		2C4E27C1084273B000004A96 /* ReplaceInputObj.applescript in AppleScript */ = {isa = PBXBuildFile; fileRef = 2C54024007CCEF5000E8CEEB /* ReplaceInputObj.applescript */; settings = {ATTRIBUTES = (Debug, ); }; };
		2C4E27C3084273B000004A96 /* TerminalCommander.applescript in AppleScript */ = {isa = PBXBuildFile; fileRef = 2CC144FA08067AB000F04B63 /* TerminalCommander.applescript */; settings = {ATTRIBUTES = (Debug, ); }; };
		2C4E27C5084273B000004A96 /* TeXCompileServer.nib in Resources */ = {isa = PBXBuildFile; fileRef = 29B97318FDCFA39411CA2CEA /* TeXCompileServer.nib */; };
		2C4E27C6084273B000004A96 /* Localizable.strings in Resources */ = {isa = PBXBuildFile; fileRef = 2C9E42BE052215CB00248965 /* Localizable.strings */; };
		2C4E27C7084273B000004A96 /* TeXCompileServer.icns in Resources */ = {isa = PBXBuildFile; fileRef = 2CD5AA9506CCD9B500967BE0 /* TeXCompileServer.icns */; };
		2C4E27C9084273B000004A96 /* FactorySettings.plist in Resources */ = {isa = PBXBuildFile; fileRef = 2C7C498707962E380026564C /* FactorySettings.plist */; };
		2C4E27CA084273B000004A96 /* TeXtoPDFIcon.png in Resources */ = {isa = PBXBuildFile; fileRef = 2C49445A07AD21E900B2A8D8 /* TeXtoPDFIcon.png */; };
		2C4E27CB084273B000004A96 /* TeXtoDVIIcon.png in Resources */ = {isa = PBXBuildFile; fileRef = 2C49445B07AD21E900B2A8D8 /* TeXtoDVIIcon.png */; };
		2C4E27CC084273B000004A96 /* generalpref.png in Resources */ = {isa = PBXBuildFile; fileRef = 2C49445C07AD21E900B2A8D8 /* generalpref.png */; };
		2C4E27CD084273B000004A96 /* DVItoPDFIcon.png in Resources */ = {isa = PBXBuildFile; fileRef = 2C49445D07AD21E900B2A8D8 /* DVItoPDFIcon.png */; };
		2C4E27CE084273B000004A96 /* DVIPreviewIcon.png in Resources */ = {isa = PBXBuildFile; fileRef = 2C49445E07AD21E900B2A8D8 /* DVIPreviewIcon.png */; };
		2C4E27CF084273B000004A96 /* Setting.nib in Resources */ = {isa = PBXBuildFile; fileRef = 2C732C7B07AE666B005ACE75 /* Setting.nib */; };
		2C4E27D0084273B000004A96 /* ToolPalette.nib in Resources */ = {isa = PBXBuildFile; fileRef = 2C732C7E07AE667D005ACE75 /* ToolPalette.nib */; };
		2C4E27D1084273B000004A96 /* ReplaceDictionary.plist in Resources */ = {isa = PBXBuildFile; fileRef = 2C54027507CD5AAB00E8CEEB /* ReplaceDictionary.plist */; };
		2C4E27D2084273B000004A96 /* plus.png in Resources */ = {isa = PBXBuildFile; fileRef = 2C71167D07D177B8008BCAEF /* plus.png */; };
		2C4E27D3084273B000004A96 /* minus.png in Resources */ = {isa = PBXBuildFile; fileRef = 2C71167E07D177B8008BCAEF /* minus.png */; };
		2C4E27D4084273B000004A96 /* miclient in Resources */ = {isa = PBXBuildFile; fileRef = 2CDACE460813EF6B000B9086 /* miclient */; };
		2C4E27D6084273B000004A96 /* main.m in Sources */ = {isa = PBXBuildFile; fileRef = 29B97316FDCFA39411CA2CEA /* main.m */; settings = {ATTRIBUTES = (); }; };
		2C4E27D7084273B000004A96 /* SmartActivate.m in Sources */ = {isa = PBXBuildFile; fileRef = 2C2E5294080625270015E9EB /* SmartActivate.m */; };
		2C4E27D8084273B000004A96 /* stringExtra.m in Sources */ = {isa = PBXBuildFile; fileRef = 2CDACD810813BE3F000B9086 /* stringExtra.m */; };
		2C4E27D9084273B000004A96 /* LogParser.m in Sources */ = {isa = PBXBuildFile; fileRef = 2CDACD820813BE3F000B9086 /* LogParser.m */; };
		2C4E27DB084273B000004A96 /* Cocoa.framework in Frameworks */ = {isa = PBXBuildFile; fileRef = 1058C7A1FEA54F0111CA2CBB /* Cocoa.framework */; };
		2C4E27DC084273B000004A96 /* AppleScriptKit.framework in Frameworks */ = {isa = PBXBuildFile; fileRef = DA206CF1015C4E2903C91932 /* AppleScriptKit.framework */; };
		2C4E27DD084273B000004A96 /* ApplicationServices.framework in Frameworks */ = {isa = PBXBuildFile; fileRef = 2C2E545708062E8E0015E9EB /* ApplicationServices.framework */; };
		2C59769308CC7A3A0050C238 /* NTYImmutableToMutableArrayOfObjectsTransformer.m in Sources */ = {isa = PBXBuildFile; fileRef = 2C59769108CC7A3A0050C238 /* NTYImmutableToMutableArrayOfObjectsTransformer.m */; };
		2C59769408CC7A3A0050C238 /* NTYImmutableToMutableArrayOfObjectsTransformer.h in Headers */ = {isa = PBXBuildFile; fileRef = 2C59769208CC7A3A0050C238 /* NTYImmutableToMutableArrayOfObjectsTransformer.h */; };
		2C6CA37708CF54DD005D5612 /* ReferencePalette.nib in Resources */ = {isa = PBXBuildFile; fileRef = 2C6CA37508CF54DD005D5612 /* ReferencePalette.nib */; };
		2C6CA39808CF5558005D5612 /* RefPanelController.m in Sources */ = {isa = PBXBuildFile; fileRef = 2C6CA39608CF5558005D5612 /* RefPanelController.m */; };
		2C6CA39908CF5558005D5612 /* RefPanelController.h in Headers */ = {isa = PBXBuildFile; fileRef = 2C6CA39708CF5558005D5612 /* RefPanelController.h */; };
		2C6CA3A408CF5565005D5612 /* Reload.png in Resources */ = {isa = PBXBuildFile; fileRef = 2C6CA3A308CF5565005D5612 /* Reload.png */; };
		2C6CA3AC08CF5572005D5612 /* RefPanelController.applescript in AppleScript */ = {isa = PBXBuildFile; fileRef = 2C6CA3AB08CF5572005D5612 /* RefPanelController.applescript */; settings = {ATTRIBUTES = (Debug, ); }; };
		2C6CA3C108CF559E005D5612 /* LabelListObj.applescript in AppleScript */ = {isa = PBXBuildFile; fileRef = 2C6CA3C008CF559E005D5612 /* LabelListObj.applescript */; settings = {ATTRIBUTES = (Debug, ); }; };
		2C6CA44208CFC6D2005D5612 /* SheetManager.applescript in AppleScript */ = {isa = PBXBuildFile; fileRef = 2C6CA44108CFC6D2005D5612 /* SheetManager.applescript */; settings = {ATTRIBUTES = (Debug, ); }; };
		2C80445E098DE473001DAF04 /* setuphelp.sh in Resources */ = {isa = PBXBuildFile; fileRef = 2C80445D098DE473001DAF04 /* setuphelp.sh */; };
		2C815628097E2BC100FAF593 /* CoreFoundation.framework in Frameworks */ = {isa = PBXBuildFile; fileRef = 2C8155FD097E2BC100FAF593 /* CoreFoundation.framework */; };
		2C8F4F5709AEF77600997C75 /* WindowVisibilityController.h in Headers */ = {isa = PBXBuildFile; fileRef = 2C8F4F5509AEF77600997C75 /* WindowVisibilityController.h */; };
		2C8F4F5809AEF77600997C75 /* WindowVisibilityController.m in Sources */ = {isa = PBXBuildFile; fileRef = 2C8F4F5609AEF77600997C75 /* WindowVisibilityController.m */; };
		2CA3F84F08BEE22A00F997B9 /* PaletteWindowController.m in Sources */ = {isa = PBXBuildFile; fileRef = 2CA3F84D08BEE22A00F997B9 /* PaletteWindowController.m */; };
		2CA3F85008BEE22A00F997B9 /* PaletteWindowController.h in Headers */ = {isa = PBXBuildFile; fileRef = 2CA3F84E08BEE22A00F997B9 /* PaletteWindowController.h */; };
		2CA3F85F08BEE2AB00F997B9 /* ToolPaletteController.h in Headers */ = {isa = PBXBuildFile; fileRef = 2CA3F85D08BEE2AB00F997B9 /* ToolPaletteController.h */; };
		2CA3F86008BEE2AB00F997B9 /* ToolPaletteController.m in Sources */ = {isa = PBXBuildFile; fileRef = 2CA3F85E08BEE2AB00F997B9 /* ToolPaletteController.m */; };
		2CA3F88308BEE59500F997B9 /* ToolPaletteController.applescript in AppleScript */ = {isa = PBXBuildFile; fileRef = 2CA3F88208BEE59500F997B9 /* ToolPaletteController.applescript */; settings = {ATTRIBUTES = (Debug, ); }; };
		2CB09B4C09BF3663008DA844 /* LogWindowItem.h in Headers */ = {isa = PBXBuildFile; fileRef = 2CB09B4B09BF3663008DA844 /* LogWindowItem.h */; };
		2CB63A6D08CF053A002FCC88 /* TitlelessWindow.h in Headers */ = {isa = PBXBuildFile; fileRef = 2CB63A6B08CF053A002FCC88 /* TitlelessWindow.h */; };
		2CB63A6E08CF053A002FCC88 /* TitlelessWindow.m in Sources */ = {isa = PBXBuildFile; fileRef = 2CB63A6C08CF053A002FCC88 /* TitlelessWindow.m */; };
		2CBFCCC8097CA75900BCEB43 /* ErrorRecord.h in Headers */ = {isa = PBXBuildFile; fileRef = 2CBFCCC6097CA75900BCEB43 /* ErrorRecord.h */; };
		2CBFCCC9097CA75900BCEB43 /* ErrorRecord.m in Sources */ = {isa = PBXBuildFile; fileRef = 2CBFCCC7097CA75900BCEB43 /* ErrorRecord.m */; };
		2CBFCCF3097CAF2600BCEB43 /* FileRecord.h in Headers */ = {isa = PBXBuildFile; fileRef = 2CBFCCF1097CAF2600BCEB43 /* FileRecord.h */; };
		2CBFCCF4097CAF2600BCEB43 /* FileRecord.m in Sources */ = {isa = PBXBuildFile; fileRef = 2CBFCCF2097CAF2600BCEB43 /* FileRecord.m */; };
		2CBFCF11097CFF8600BCEB43 /* LogWindow.nib in Resources */ = {isa = PBXBuildFile; fileRef = 2CBFCF10097CFF8600BCEB43 /* LogWindow.nib */; };
		2CBFD20B097DFA9200BCEB43 /* miClient.h in Headers */ = {isa = PBXBuildFile; fileRef = 2CBFD209097DFA9200BCEB43 /* miClient.h */; };
		2CBFD20C097DFA9200BCEB43 /* miClient.m in Sources */ = {isa = PBXBuildFile; fileRef = 2CBFD20A097DFA9200BCEB43 /* miClient.m */; };
		2CC4852D099040B0004E4BDE /* SmartActivate.c in Sources */ = {isa = PBXBuildFile; fileRef = 2CC4852C099040B0004E4BDE /* SmartActivate.c */; };
		2CD553EF08BCDEB8007E43D1 /* SettingWindowController.h in Headers */ = {isa = PBXBuildFile; fileRef = 2CD553ED08BCDEB8007E43D1 /* SettingWindowController.h */; };
		2CD553F008BCDEB8007E43D1 /* SettingWindowController.m in Sources */ = {isa = PBXBuildFile; fileRef = 2CD553EE08BCDEB8007E43D1 /* SettingWindowController.m */; };
		2CD5554E08BEC77E007E43D1 /* AppController.h in Headers */ = {isa = PBXBuildFile; fileRef = 2CD5554C08BEC77E007E43D1 /* AppController.h */; };
		2CD5554F08BEC77F007E43D1 /* AppController.m in Sources */ = {isa = PBXBuildFile; fileRef = 2CD5554D08BEC77E007E43D1 /* AppController.m */; };
		2CDB471309F951AD00F1ABA4 /* Carbon.framework in Frameworks */ = {isa = PBXBuildFile; fileRef = 2CDB46FE09F951AD00F1ABA4 /* Carbon.framework */; };
		2CDBE60A097BA7FE00C3300B /* LogWindowController.h in Headers */ = {isa = PBXBuildFile; fileRef = 2CDBE608097BA7FE00C3300B /* LogWindowController.h */; };
		2CDBE60B097BA7FE00C3300B /* LogWindowController.m in Sources */ = {isa = PBXBuildFile; fileRef = 2CDBE609097BA7FE00C3300B /* LogWindowController.m */; };
		2CE77AD508E257D200C3AD21 /* ToolPaletteButtons.applescript in AppleScript */ = {isa = PBXBuildFile; fileRef = 2CE77AD408E257D200C3AD21 /* ToolPaletteButtons.applescript */; settings = {ATTRIBUTES = (Debug, ); }; };
		2CF1023209AA25A1007DD27C /* ToolSupport.plist in Resources */ = {isa = PBXBuildFile; fileRef = 2CF1023109AA25A1007DD27C /* ToolSupport.plist */; };
		2CF1023609AA2CAE007DD27C /* ToolSupport216.plist in Resources */ = {isa = PBXBuildFile; fileRef = 2CF1023509AA2CAE007DD27C /* ToolSupport216.plist */; };
/* End PBXBuildFile section */

/* Begin PBXBuildStyle section */
		2CD607E60569023A00FAFD6B /* SDDebug */ = {
			isa = PBXBuildStyle;
			buildSettings = {
				COPY_PHASE_STRIP = NO;
				OPTIMIZATION_CFLAGS = "-O0";
				OTHER_OSAFLAGS = "-l \\\"AppleScript Debugger\\\"";
			};
			name = SDDebug;
		};
		4A9504CCFFE6A4B311CA0CBA /* Development */ = {
			isa = PBXBuildStyle;
			buildSettings = {
				COPY_PHASE_STRIP = NO;
				GCC_C_LANGUAGE_STANDARD = c99;
				GCC_DYNAMIC_NO_PIC = NO;
				GCC_ENABLE_FIX_AND_CONTINUE = YES;
				GCC_GENERATE_DEBUGGING_SYMBOLS = YES;
				GCC_OPTIMIZATION_LEVEL = 0;
				OPTIMIZATION_CFLAGS = "-O0";
				ZERO_LINK = YES;
			};
			name = Development;
		};
		4A9504CDFFE6A4B311CA0CBA /* Deployment */ = {
			isa = PBXBuildStyle;
			buildSettings = {
				COPY_PHASE_STRIP = YES;
				DEPLOYMENT_LOCATION = YES;
				DSTROOT = "$(HOME)";
				GCC_ENABLE_FIX_AND_CONTINUE = NO;
				GCC_GENERATE_DEBUGGING_SYMBOLS = NO;
				INSTALL_MODE_FLAG = "a+rX";
				INSTALL_PATH = /Library/Preferences/mi/mode/TEX;
				OTHER_OSAFLAGS = "-x";
				ZERO_LINK = NO;
			};
			name = Deployment;
		};
/* End PBXBuildStyle section */

/* Begin PBXFileReference section */
		1058C7A1FEA54F0111CA2CBB /* Cocoa.framework */ = {isa = PBXFileReference; lastKnownFileType = wrapper.framework; name = Cocoa.framework; path = /System/Library/Frameworks/Cocoa.framework; sourceTree = "<absolute>"; };
		29B97316FDCFA39411CA2CEA /* main.m */ = {isa = PBXFileReference; fileEncoding = 30; lastKnownFileType = sourcecode.c.objc; path = main.m; sourceTree = "<group>"; };
		29B97324FDCFA39411CA2CEA /* AppKit.framework */ = {isa = PBXFileReference; lastKnownFileType = wrapper.framework; name = AppKit.framework; path = /System/Library/Frameworks/AppKit.framework; sourceTree = "<absolute>"; };
		29B97325FDCFA39411CA2CEA /* Foundation.framework */ = {isa = PBXFileReference; lastKnownFileType = wrapper.framework; name = Foundation.framework; path = /System/Library/Frameworks/Foundation.framework; sourceTree = "<absolute>"; };
		2C1732EF063C19ED000FEAF8 /* ColorSwitch.applescript */ = {isa = PBXFileReference; fileEncoding = "-2147483647"; lastKnownFileType = sourcecode.applescript; path = ColorSwitch.applescript; sourceTree = "<group>"; };
		2C1732F1063C1A19000FEAF8 /* UtilityHandlers.applescript */ = {isa = PBXFileReference; fileEncoding = "-2147483647"; lastKnownFileType = sourcecode.applescript; path = UtilityHandlers.applescript; sourceTree = "<group>"; };
		2C1732F7063C1BD0000FEAF8 /* MessageUtility.applescript */ = {isa = PBXFileReference; fileEncoding = "-2147483647"; lastKnownFileType = sourcecode.applescript; path = MessageUtility.applescript; sourceTree = "<group>"; };
		2C17332A063C1C9D000FEAF8 /* TerminalSettingObj.applescript */ = {isa = PBXFileReference; fileEncoding = "-2147483647"; lastKnownFileType = sourcecode.applescript; path = TerminalSettingObj.applescript; sourceTree = "<group>"; };
		2C2B7E4409BD233F00B6B3F6 /* PathExtra.h */ = {isa = PBXFileReference; fileEncoding = 4; lastKnownFileType = sourcecode.c.h; path = PathExtra.h; sourceTree = "<group>"; };
		2C2B7E4509BD233F00B6B3F6 /* PathExtra.m */ = {isa = PBXFileReference; fileEncoding = 4; lastKnownFileType = sourcecode.c.objc; path = PathExtra.m; sourceTree = "<group>"; };
		2C2E5293080625270015E9EB /* SmartActivate.h */ = {isa = PBXFileReference; fileEncoding = 4; lastKnownFileType = sourcecode.c.h; path = SmartActivate.h; sourceTree = "<group>"; };
		2C2E5294080625270015E9EB /* SmartActivate.m */ = {isa = PBXFileReference; fileEncoding = 4; lastKnownFileType = sourcecode.c.objc; path = SmartActivate.m; sourceTree = "<group>"; };
		2C2E545708062E8E0015E9EB /* ApplicationServices.framework */ = {isa = PBXFileReference; lastKnownFileType = wrapper.framework; name = ApplicationServices.framework; path = /System/Library/Frameworks/ApplicationServices.framework; sourceTree = "<absolute>"; };
		2C329BDD063AB42000C9A56F /* LogFileParser.applescript */ = {isa = PBXFileReference; fileEncoding = "-2147483647"; lastKnownFileType = sourcecode.applescript; path = LogFileParser.applescript; sourceTree = "<group>"; };
		2C42F0DD08CDF41D00765CCF /* AppNameToIconImageTransformer.h */ = {isa = PBXFileReference; fileEncoding = "-2147483647"; lastKnownFileType = sourcecode.c.h; path = AppNameToIconImageTransformer.h; sourceTree = "<group>"; };
		2C42F0DE08CDF41D00765CCF /* AppNameToIconImageTransformer.m */ = {isa = PBXFileReference; fileEncoding = "-2147483647"; lastKnownFileType = sourcecode.c.objc; path = AppNameToIconImageTransformer.m; sourceTree = "<group>"; };
		2C49445A07AD21E900B2A8D8 /* TeXtoPDFIcon.png */ = {isa = PBXFileReference; lastKnownFileType = image.png; name = TeXtoPDFIcon.png; path = images/TeXtoPDFIcon.png; sourceTree = "<group>"; };
		2C49445B07AD21E900B2A8D8 /* TeXtoDVIIcon.png */ = {isa = PBXFileReference; lastKnownFileType = image.png; name = TeXtoDVIIcon.png; path = images/TeXtoDVIIcon.png; sourceTree = "<group>"; };
		2C49445C07AD21E900B2A8D8 /* generalpref.png */ = {isa = PBXFileReference; lastKnownFileType = image.png; name = generalpref.png; path = images/generalpref.png; sourceTree = "<group>"; };
		2C49445D07AD21E900B2A8D8 /* DVItoPDFIcon.png */ = {isa = PBXFileReference; lastKnownFileType = image.png; name = DVItoPDFIcon.png; path = images/DVItoPDFIcon.png; sourceTree = "<group>"; };
		2C49445E07AD21E900B2A8D8 /* DVIPreviewIcon.png */ = {isa = PBXFileReference; lastKnownFileType = image.png; name = DVIPreviewIcon.png; path = images/DVIPreviewIcon.png; sourceTree = "<group>"; };
		2C4E27E3084273B000004A96 /* Info.plist */ = {isa = PBXFileReference; fileEncoding = 4; lastKnownFileType = text.xml; lineEnding = 0; path = Info.plist; sourceTree = "<group>"; };
		2C4E27E4084273B000004A96 /* TeXCompileServer.app */ = {isa = PBXFileReference; explicitFileType = wrapper.application; includeInIndex = 0; path = TeXCompileServer.app; sourceTree = BUILT_PRODUCTS_DIR; };
		2C54024007CCEF5000E8CEEB /* ReplaceInputObj.applescript */ = {isa = PBXFileReference; fileEncoding = 4; lastKnownFileType = sourcecode.applescript; path = ReplaceInputObj.applescript; sourceTree = "<group>"; };
		2C54027507CD5AAB00E8CEEB /* ReplaceDictionary.plist */ = {isa = PBXFileReference; fileEncoding = 4; lastKnownFileType = text.xml; path = ReplaceDictionary.plist; sourceTree = "<group>"; };
		2C59769108CC7A3A0050C238 /* NTYImmutableToMutableArrayOfObjectsTransformer.m */ = {isa = PBXFileReference; fileEncoding = "-2147483647"; lastKnownFileType = sourcecode.c.objc; path = NTYImmutableToMutableArrayOfObjectsTransformer.m; sourceTree = "<group>"; };
		2C59769208CC7A3A0050C238 /* NTYImmutableToMutableArrayOfObjectsTransformer.h */ = {isa = PBXFileReference; fileEncoding = "-2147483647"; lastKnownFileType = sourcecode.c.h; path = NTYImmutableToMutableArrayOfObjectsTransformer.h; sourceTree = "<group>"; };
		2C6CA37608CF54DD005D5612 /* Japanese */ = {isa = PBXFileReference; lastKnownFileType = wrapper.nib; name = Japanese; path = Japanese.lproj/ReferencePalette.nib; sourceTree = "<group>"; };
		2C6CA39608CF5558005D5612 /* RefPanelController.m */ = {isa = PBXFileReference; fileEncoding = "-2147483647"; lastKnownFileType = sourcecode.c.objc; path = RefPanelController.m; sourceTree = "<group>"; };
		2C6CA39708CF5558005D5612 /* RefPanelController.h */ = {isa = PBXFileReference; fileEncoding = "-2147483647"; lastKnownFileType = sourcecode.c.h; path = RefPanelController.h; sourceTree = "<group>"; };
		2C6CA3A308CF5565005D5612 /* Reload.png */ = {isa = PBXFileReference; lastKnownFileType = image.png; name = Reload.png; path = images/Reload.png; sourceTree = "<group>"; };
		2C6CA3AB08CF5572005D5612 /* RefPanelController.applescript */ = {isa = PBXFileReference; fileEncoding = "-2147483647"; lastKnownFileType = sourcecode.applescript; path = RefPanelController.applescript; sourceTree = "<group>"; };
		2C6CA3C008CF559E005D5612 /* LabelListObj.applescript */ = {isa = PBXFileReference; fileEncoding = "-2147483647"; lastKnownFileType = sourcecode.applescript; path = LabelListObj.applescript; sourceTree = "<group>"; };
		2C6CA44108CFC6D2005D5612 /* SheetManager.applescript */ = {isa = PBXFileReference; fileEncoding = "-2147483647"; lastKnownFileType = sourcecode.applescript; path = SheetManager.applescript; sourceTree = "<group>"; };
		2C6FB9BD06255005004731C7 /* TeXCompileObj.applescript */ = {isa = PBXFileReference; fileEncoding = "-2147483647"; lastKnownFileType = sourcecode.applescript; path = TeXCompileObj.applescript; sourceTree = "<group>"; };
		2C6FB9C906255508004731C7 /* EditCommands.applescript */ = {isa = PBXFileReference; fileEncoding = 4; lastKnownFileType = sourcecode.applescript; path = EditCommands.applescript; sourceTree = "<group>"; };
		2C71167D07D177B8008BCAEF /* plus.png */ = {isa = PBXFileReference; lastKnownFileType = image.png; name = plus.png; path = images/plus.png; sourceTree = "<group>"; };
		2C71167E07D177B8008BCAEF /* minus.png */ = {isa = PBXFileReference; lastKnownFileType = image.png; name = minus.png; path = images/minus.png; sourceTree = "<group>"; };
		2C732C7C07AE666B005ACE75 /* Japanese */ = {isa = PBXFileReference; lastKnownFileType = wrapper.nib; name = Japanese; path = Japanese.lproj/Setting.nib; sourceTree = "<group>"; };
		2C732C7F07AE667D005ACE75 /* Japanese */ = {isa = PBXFileReference; lastKnownFileType = wrapper.nib; name = Japanese; path = Japanese.lproj/ToolPalette.nib; sourceTree = "<group>"; };
		2C7C492E07960C830026564C /* DefaultsManager.applescript */ = {isa = PBXFileReference; fileEncoding = "-2147483647"; lastKnownFileType = sourcecode.applescript; path = DefaultsManager.applescript; sourceTree = "<group>"; };
		2C7C493607960CCD0026564C /* SettingWindowController.applescript */ = {isa = PBXFileReference; fileEncoding = 4; lastKnownFileType = sourcecode.applescript; path = SettingWindowController.applescript; sourceTree = "<group>"; };
		2C7C498707962E380026564C /* FactorySettings.plist */ = {isa = PBXFileReference; explicitFileType = text.plist; fileEncoding = 4; path = FactorySettings.plist; sourceTree = "<group>"; };
		2C80445D098DE473001DAF04 /* setuphelp.sh */ = {isa = PBXFileReference; fileEncoding = 4; lastKnownFileType = text.script.sh; path = setuphelp.sh; sourceTree = "<group>"; };
		2C8155FD097E2BC100FAF593 /* CoreFoundation.framework */ = {isa = PBXFileReference; lastKnownFileType = wrapper.framework; name = CoreFoundation.framework; path = /System/Library/Frameworks/CoreFoundation.framework; sourceTree = "<absolute>"; };
		2C8C1DD80520B0DB009688D1 /* Japanese */ = {isa = PBXFileReference; lastKnownFileType = wrapper.nib; name = Japanese; path = Japanese.lproj/TeXCompileServer.nib; sourceTree = "<group>"; };
		2C8F4F5509AEF77600997C75 /* WindowVisibilityController.h */ = {isa = PBXFileReference; fileEncoding = 4; lastKnownFileType = sourcecode.c.h; path = WindowVisibilityController.h; sourceTree = "<group>"; };
		2C8F4F5609AEF77600997C75 /* WindowVisibilityController.m */ = {isa = PBXFileReference; fileEncoding = 4; lastKnownFileType = sourcecode.c.objc; path = WindowVisibilityController.m; sourceTree = "<group>"; };
		2C9E42C1052215F000248965 /* Japanese */ = {isa = PBXFileReference; fileEncoding = 4; lastKnownFileType = text.plist.strings; name = Japanese; path = Japanese.lproj/Localizable.strings; sourceTree = "<group>"; };
		2CA3F84D08BEE22A00F997B9 /* PaletteWindowController.m */ = {isa = PBXFileReference; fileEncoding = "-2147483647"; lastKnownFileType = sourcecode.c.objc; path = PaletteWindowController.m; sourceTree = "<group>"; };
		2CA3F84E08BEE22A00F997B9 /* PaletteWindowController.h */ = {isa = PBXFileReference; fileEncoding = "-2147483647"; lastKnownFileType = sourcecode.c.h; path = PaletteWindowController.h; sourceTree = "<group>"; };
		2CA3F85D08BEE2AB00F997B9 /* ToolPaletteController.h */ = {isa = PBXFileReference; fileEncoding = "-2147483647"; lastKnownFileType = sourcecode.c.h; path = ToolPaletteController.h; sourceTree = "<group>"; };
		2CA3F85E08BEE2AB00F997B9 /* ToolPaletteController.m */ = {isa = PBXFileReference; fileEncoding = "-2147483647"; lastKnownFileType = sourcecode.c.objc; path = ToolPaletteController.m; sourceTree = "<group>"; };
		2CA3F88208BEE59500F997B9 /* ToolPaletteController.applescript */ = {isa = PBXFileReference; fileEncoding = 4; lastKnownFileType = sourcecode.applescript; path = ToolPaletteController.applescript; sourceTree = "<group>"; };
		2CB09B4B09BF3663008DA844 /* LogWindowItem.h */ = {isa = PBXFileReference; fileEncoding = 4; lastKnownFileType = sourcecode.c.h; path = LogWindowItem.h; sourceTree = "<group>"; };
		2CB63A6B08CF053A002FCC88 /* TitlelessWindow.h */ = {isa = PBXFileReference; fileEncoding = 4; lastKnownFileType = sourcecode.c.h; path = TitlelessWindow.h; sourceTree = "<group>"; };
		2CB63A6C08CF053A002FCC88 /* TitlelessWindow.m */ = {isa = PBXFileReference; fileEncoding = 4; lastKnownFileType = sourcecode.c.objc; path = TitlelessWindow.m; sourceTree = "<group>"; };
		2CBFCCC6097CA75900BCEB43 /* ErrorRecord.h */ = {isa = PBXFileReference; fileEncoding = 4; lastKnownFileType = sourcecode.c.h; path = ErrorRecord.h; sourceTree = "<group>"; };
		2CBFCCC7097CA75900BCEB43 /* ErrorRecord.m */ = {isa = PBXFileReference; fileEncoding = 4; lastKnownFileType = sourcecode.c.objc; path = ErrorRecord.m; sourceTree = "<group>"; };
		2CBFCCF1097CAF2600BCEB43 /* FileRecord.h */ = {isa = PBXFileReference; fileEncoding = 4; lastKnownFileType = sourcecode.c.h; path = FileRecord.h; sourceTree = "<group>"; };
		2CBFCCF2097CAF2600BCEB43 /* FileRecord.m */ = {isa = PBXFileReference; fileEncoding = 4; lastKnownFileType = sourcecode.c.objc; path = FileRecord.m; sourceTree = "<group>"; };
		2CBFCF12097CFF8700BCEB43 /* Japanese */ = {isa = PBXFileReference; lastKnownFileType = wrapper.nib; name = Japanese; path = Japanese.lproj/LogWindow.nib; sourceTree = "<group>"; };
		2CBFD209097DFA9200BCEB43 /* miClient.h */ = {isa = PBXFileReference; fileEncoding = 4; lastKnownFileType = sourcecode.c.h; path = miClient.h; sourceTree = "<group>"; };
		2CBFD20A097DFA9200BCEB43 /* miClient.m */ = {isa = PBXFileReference; fileEncoding = 4; lastKnownFileType = sourcecode.c.objc; path = miClient.m; sourceTree = "<group>"; };
		2CC144FA08067AB000F04B63 /* TerminalCommander.applescript */ = {isa = PBXFileReference; fileEncoding = 4; lastKnownFileType = sourcecode.applescript; path = TerminalCommander.applescript; sourceTree = "<group>"; };
		2CC4852C099040B0004E4BDE /* SmartActivate.c */ = {isa = PBXFileReference; fileEncoding = 4; lastKnownFileType = sourcecode.c.c; path = SmartActivate.c; sourceTree = "<group>"; };
		2CCD19FA06BE5DF800B6B166 /* TeXDocObj.applescript */ = {isa = PBXFileReference; fileEncoding = 4; lastKnownFileType = sourcecode.applescript; path = TeXDocObj.applescript; sourceTree = "<group>"; };
		2CCD1A4A06BE616C00B6B166 /* DVIObj.applescript */ = {isa = PBXFileReference; fileEncoding = 4; lastKnownFileType = sourcecode.applescript; path = DVIObj.applescript; sourceTree = "<group>"; };
		2CD553ED08BCDEB8007E43D1 /* SettingWindowController.h */ = {isa = PBXFileReference; fileEncoding = 4; lastKnownFileType = sourcecode.c.h; path = SettingWindowController.h; sourceTree = "<group>"; };
		2CD553EE08BCDEB8007E43D1 /* SettingWindowController.m */ = {isa = PBXFileReference; fileEncoding = 4; lastKnownFileType = sourcecode.c.objc; path = SettingWindowController.m; sourceTree = "<group>"; };
		2CD5554C08BEC77E007E43D1 /* AppController.h */ = {isa = PBXFileReference; fileEncoding = "-2147483647"; lastKnownFileType = sourcecode.c.h; path = AppController.h; sourceTree = "<group>"; };
		2CD5554D08BEC77E007E43D1 /* AppController.m */ = {isa = PBXFileReference; fileEncoding = "-2147483647"; lastKnownFileType = sourcecode.c.objc; path = AppController.m; sourceTree = "<group>"; };
		2CD5AA9506CCD9B500967BE0 /* TeXCompileServer.icns */ = {isa = PBXFileReference; lastKnownFileType = image.icns; name = TeXCompileServer.icns; path = images/TeXCompileServer.icns; sourceTree = "<group>"; };
		2CDA10AA069404FE00467991 /* PDFObj.applescript */ = {isa = PBXFileReference; fileEncoding = 4; lastKnownFileType = sourcecode.applescript; path = PDFObj.applescript; sourceTree = "<group>"; };
		2CDACD7F0813BE3F000B9086 /* LogParser.h */ = {isa = PBXFileReference; fileEncoding = 4; lastKnownFileType = sourcecode.c.h; path = LogParser.h; sourceTree = "<group>"; };
		2CDACD800813BE3F000B9086 /* stringExtra.h */ = {isa = PBXFileReference; fileEncoding = 4; lastKnownFileType = sourcecode.c.h; path = stringExtra.h; sourceTree = "<group>"; };
		2CDACD810813BE3F000B9086 /* stringExtra.m */ = {isa = PBXFileReference; fileEncoding = 4; lastKnownFileType = sourcecode.c.objc; path = stringExtra.m; sourceTree = "<group>"; };
		2CDACD820813BE3F000B9086 /* LogParser.m */ = {isa = PBXFileReference; fileEncoding = 4; lastKnownFileType = sourcecode.c.objc; path = LogParser.m; sourceTree = "<group>"; };
		2CDACE460813EF6B000B9086 /* miclient */ = {isa = PBXFileReference; lastKnownFileType = "compiled.mach-o.executable"; name = miclient; path = /Users/tkurita/Dev/Projects/miclient/trunk/build/Release/miclient; sourceTree = "<absolute>"; };
		2CDB46FE09F951AD00F1ABA4 /* Carbon.framework */ = {isa = PBXFileReference; lastKnownFileType = wrapper.framework; name = Carbon.framework; path = /System/Library/Frameworks/Carbon.framework; sourceTree = "<absolute>"; };
		2CDBE608097BA7FE00C3300B /* LogWindowController.h */ = {isa = PBXFileReference; fileEncoding = 4; lastKnownFileType = sourcecode.c.h; path = LogWindowController.h; sourceTree = "<group>"; };
		2CDBE609097BA7FE00C3300B /* LogWindowController.m */ = {isa = PBXFileReference; fileEncoding = 4; lastKnownFileType = sourcecode.c.objc; path = LogWindowController.m; sourceTree = "<group>"; };
		2CE77AD408E257D200C3AD21 /* ToolPaletteButtons.applescript */ = {isa = PBXFileReference; fileEncoding = 4; lastKnownFileType = sourcecode.applescript; path = ToolPaletteButtons.applescript; sourceTree = "<group>"; };
		2CF1023109AA25A1007DD27C /* ToolSupport.plist */ = {isa = PBXFileReference; explicitFileType = text.xml; fileEncoding = 4; path = ToolSupport.plist; sourceTree = "<group>"; };
		2CF1023509AA2CAE007DD27C /* ToolSupport216.plist */ = {isa = PBXFileReference; fileEncoding = 4; lastKnownFileType = text.xml; path = ToolSupport216.plist; sourceTree = "<group>"; };
		DA206CF1015C4E2903C91932 /* AppleScriptKit.framework */ = {isa = PBXFileReference; lastKnownFileType = wrapper.framework; name = AppleScriptKit.framework; path = /System/Library/Frameworks/AppleScriptKit.framework; sourceTree = "<absolute>"; };
		DA206CF3015C4E8B03C91932 /* TeXCompileServer.applescript */ = {isa = PBXFileReference; fileEncoding = "-2147483647"; lastKnownFileType = sourcecode.applescript; path = TeXCompileServer.applescript; sourceTree = "<group>"; };
		DA206CF4015C4E8B03C91932 /* AppleScriptKit.asdictionary */ = {isa = PBXFileReference; lastKnownFileType = archive.asdictionary; name = AppleScriptKit.asdictionary; path = /System/Library/Frameworks/AppleScriptKit.framework/Versions/A/Resources/AppleScriptKit.asdictionary; sourceTree = "<absolute>"; };
/* End PBXFileReference section */

/* Begin PBXFrameworksBuildPhase section */
		2C4E27DA084273B000004A96 /* Frameworks */ = {
			isa = PBXFrameworksBuildPhase;
			buildActionMask = 2147483647;
			files = (
				2C4E27DB084273B000004A96 /* Cocoa.framework in Frameworks */,
				2C4E27DC084273B000004A96 /* AppleScriptKit.framework in Frameworks */,
				2C4E27DD084273B000004A96 /* ApplicationServices.framework in Frameworks */,
				2C815628097E2BC100FAF593 /* CoreFoundation.framework in Frameworks */,
				2CDB471309F951AD00F1ABA4 /* Carbon.framework in Frameworks */,
			);
			runOnlyForDeploymentPostprocessing = 0;
		};
/* End PBXFrameworksBuildPhase section */

/* Begin PBXGroup section */
		080E96DDFE201D6D7F000001 /* Scripts */ = {
			isa = PBXGroup;
			children = (
				2CE77AD408E257D200C3AD21 /* ToolPaletteButtons.applescript */,
				2CA3F88208BEE59500F997B9 /* ToolPaletteController.applescript */,
				DA206CF3015C4E8B03C91932 /* TeXCompileServer.applescript */,
				2C54024007CCEF5000E8CEEB /* ReplaceInputObj.applescript */,
				2C329BDD063AB42000C9A56F /* LogFileParser.applescript */,
				2C6FB9BD06255005004731C7 /* TeXCompileObj.applescript */,
				2CDA10AA069404FE00467991 /* PDFObj.applescript */,
				2C6FB9C906255508004731C7 /* EditCommands.applescript */,
				2CCD19FA06BE5DF800B6B166 /* TeXDocObj.applescript */,
				2CCD1A4A06BE616C00B6B166 /* DVIObj.applescript */,
				2C7C493607960CCD0026564C /* SettingWindowController.applescript */,
				2C6CA3AB08CF5572005D5612 /* RefPanelController.applescript */,
				2C6CA3C008CF559E005D5612 /* LabelListObj.applescript */,
			);
			name = Scripts;
			sourceTree = "<group>";
		};
		1058C7A0FEA54F0111CA2CBB /* Linked Frameworks */ = {
			isa = PBXGroup;
			children = (
				2C2E545708062E8E0015E9EB /* ApplicationServices.framework */,
				1058C7A1FEA54F0111CA2CBB /* Cocoa.framework */,
				DA206CF1015C4E2903C91932 /* AppleScriptKit.framework */,
			);
			name = "Linked Frameworks";
			sourceTree = "<group>";
		};
		1058C7A2FEA54F0111CA2CBB /* Other Frameworks */ = {
			isa = PBXGroup;
			children = (
				29B97325FDCFA39411CA2CEA /* Foundation.framework */,
				29B97324FDCFA39411CA2CEA /* AppKit.framework */,
			);
			name = "Other Frameworks";
			sourceTree = "<group>";
		};
		19C28FACFE9D520D11CA2CBB /* Products */ = {
			isa = PBXGroup;
			children = (
				2C4E27E4084273B000004A96 /* TeXCompileServer.app */,
			);
			name = Products;
			sourceTree = "<group>";
		};
		29B97314FDCFA39411CA2CEA /* Application */ = {
			isa = PBXGroup;
			children = (
				2C1656E209F90C3200CE5422 /* miClientLib */,
				2C1DB15709F687D000139324 /* SmartActivateLib */,
				2C1DAE3709F5F7EE00139324 /* ASStudioScriptLib */,
				2CD553EC08BCDE96007E43D1 /* Classes */,
				080E96DDFE201D6D7F000001 /* Scripts */,
				29B97317FDCFA39411CA2CEA /* Resources */,
				2C49445407AD219B00B2A8D8 /* images */,
				29B97315FDCFA39411CA2CEA /* Other Sources */,
				2CB63A5D08CF038D002FCC88 /* Unused */,
				29B97323FDCFA39411CA2CEA /* Frameworks */,
				19C28FACFE9D520D11CA2CBB /* Products */,
			);
			name = Application;
			sourceTree = "<group>";
		};
		29B97315FDCFA39411CA2CEA /* Other Sources */ = {
			isa = PBXGroup;
			children = (
				2CDACD800813BE3F000B9086 /* stringExtra.h */,
				2CDACD810813BE3F000B9086 /* stringExtra.m */,
				29B97316FDCFA39411CA2CEA /* main.m */,
				2C2B7E4409BD233F00B6B3F6 /* PathExtra.h */,
				2C2B7E4509BD233F00B6B3F6 /* PathExtra.m */,
			);
			name = "Other Sources";
			sourceTree = "<group>";
		};
		29B97317FDCFA39411CA2CEA /* Resources */ = {
			isa = PBXGroup;
			children = (
				2C80445D098DE473001DAF04 /* setuphelp.sh */,
				2C4E27E3084273B000004A96 /* Info.plist */,
				2C54027507CD5AAB00E8CEEB /* ReplaceDictionary.plist */,
				2C7C498707962E380026564C /* FactorySettings.plist */,
				DA206CF4015C4E8B03C91932 /* AppleScriptKit.asdictionary */,
				2C9E42BE052215CB00248965 /* Localizable.strings */,
				2CDACE460813EF6B000B9086 /* miclient */,
				2CBFCF10097CFF8600BCEB43 /* LogWindow.nib */,
				29B97318FDCFA39411CA2CEA /* TeXCompileServer.nib */,
				2C732C7B07AE666B005ACE75 /* Setting.nib */,
				2C732C7E07AE667D005ACE75 /* ToolPalette.nib */,
				2C6CA37508CF54DD005D5612 /* ReferencePalette.nib */,
				2CF1023109AA25A1007DD27C /* ToolSupport.plist */,
				2CF1023509AA2CAE007DD27C /* ToolSupport216.plist */,
			);
			name = Resources;
			sourceTree = "<group>";
		};
		29B97323FDCFA39411CA2CEA /* Frameworks */ = {
			isa = PBXGroup;
			children = (
				2CDB46FE09F951AD00F1ABA4 /* Carbon.framework */,
				2C8155FD097E2BC100FAF593 /* CoreFoundation.framework */,
				1058C7A0FEA54F0111CA2CBB /* Linked Frameworks */,
				1058C7A2FEA54F0111CA2CBB /* Other Frameworks */,
			);
			name = Frameworks;
			sourceTree = "<group>";
		};
		2C1656E209F90C3200CE5422 /* miClientLib */ = {
			isa = PBXGroup;
			children = (
				2CBFD209097DFA9200BCEB43 /* miClient.h */,
				2CBFD20A097DFA9200BCEB43 /* miClient.m */,
			);
			path = miClientLib;
			sourceTree = "<group>";
		};
		2C1DAE3709F5F7EE00139324 /* ASStudioScriptLib */ = {
			isa = PBXGroup;
			children = (
				2CC144FA08067AB000F04B63 /* TerminalCommander.applescript */,
				2C17332A063C1C9D000FEAF8 /* TerminalSettingObj.applescript */,
				2C1732F7063C1BD0000FEAF8 /* MessageUtility.applescript */,
				2C1732EF063C19ED000FEAF8 /* ColorSwitch.applescript */,
				2C1732F1063C1A19000FEAF8 /* UtilityHandlers.applescript */,
				2C7C492E07960C830026564C /* DefaultsManager.applescript */,
				2C6CA44108CFC6D2005D5612 /* SheetManager.applescript */,
			);
			path = ASStudioScriptLib;
			sourceTree = "<group>";
		};
		2C1DB15709F687D000139324 /* SmartActivateLib */ = {
			isa = PBXGroup;
			children = (
				2C2E5293080625270015E9EB /* SmartActivate.h */,
				2CC4852C099040B0004E4BDE /* SmartActivate.c */,
				2C2E5294080625270015E9EB /* SmartActivate.m */,
			);
			path = SmartActivateLib;
			sourceTree = "<group>";
		};
		2C49445407AD219B00B2A8D8 /* images */ = {
			isa = PBXGroup;
			children = (
				2C6CA3A308CF5565005D5612 /* Reload.png */,
				2CD5AA9506CCD9B500967BE0 /* TeXCompileServer.icns */,
				2C49445A07AD21E900B2A8D8 /* TeXtoPDFIcon.png */,
				2C49445B07AD21E900B2A8D8 /* TeXtoDVIIcon.png */,
				2C49445C07AD21E900B2A8D8 /* generalpref.png */,
				2C49445D07AD21E900B2A8D8 /* DVItoPDFIcon.png */,
				2C71167D07D177B8008BCAEF /* plus.png */,
				2C71167E07D177B8008BCAEF /* minus.png */,
				2C49445E07AD21E900B2A8D8 /* DVIPreviewIcon.png */,
			);
			name = images;
			sourceTree = "<group>";
		};
		2CB63A5D08CF038D002FCC88 /* Unused */ = {
			isa = PBXGroup;
			children = (
				2C42F0DD08CDF41D00765CCF /* AppNameToIconImageTransformer.h */,
				2C42F0DE08CDF41D00765CCF /* AppNameToIconImageTransformer.m */,
			);
			name = Unused;
			sourceTree = "<group>";
		};
		2CD553EC08BCDE96007E43D1 /* Classes */ = {
			isa = PBXGroup;
			children = (
				2C6CA39608CF5558005D5612 /* RefPanelController.m */,
				2C6CA39708CF5558005D5612 /* RefPanelController.h */,
				2CB63A6B08CF053A002FCC88 /* TitlelessWindow.h */,
				2CB63A6C08CF053A002FCC88 /* TitlelessWindow.m */,
				2C59769108CC7A3A0050C238 /* NTYImmutableToMutableArrayOfObjectsTransformer.m */,
				2C59769208CC7A3A0050C238 /* NTYImmutableToMutableArrayOfObjectsTransformer.h */,
				2CA3F84E08BEE22A00F997B9 /* PaletteWindowController.h */,
				2CA3F84D08BEE22A00F997B9 /* PaletteWindowController.m */,
				2CD553ED08BCDEB8007E43D1 /* SettingWindowController.h */,
				2CD553EE08BCDEB8007E43D1 /* SettingWindowController.m */,
				2CD5554C08BEC77E007E43D1 /* AppController.h */,
				2CD5554D08BEC77E007E43D1 /* AppController.m */,
				2CA3F85D08BEE2AB00F997B9 /* ToolPaletteController.h */,
				2CA3F85E08BEE2AB00F997B9 /* ToolPaletteController.m */,
				2CDACD7F0813BE3F000B9086 /* LogParser.h */,
				2CDACD820813BE3F000B9086 /* LogParser.m */,
				2CDBE608097BA7FE00C3300B /* LogWindowController.h */,
				2CDBE609097BA7FE00C3300B /* LogWindowController.m */,
				2CB09B4B09BF3663008DA844 /* LogWindowItem.h */,
				2CBFCCC6097CA75900BCEB43 /* ErrorRecord.h */,
				2CBFCCC7097CA75900BCEB43 /* ErrorRecord.m */,
				2CBFCCF1097CAF2600BCEB43 /* FileRecord.h */,
				2CBFCCF2097CAF2600BCEB43 /* FileRecord.m */,
				2C8F4F5509AEF77600997C75 /* WindowVisibilityController.h */,
				2C8F4F5609AEF77600997C75 /* WindowVisibilityController.m */,
			);
			name = Classes;
			sourceTree = "<group>";
		};
/* End PBXGroup section */

/* Begin PBXHeadersBuildPhase section */
		2C4E27AE084273B000004A96 /* Headers */ = {
			isa = PBXHeadersBuildPhase;
			buildActionMask = 2147483647;
			files = (
				2C4E27AF084273B000004A96 /* SmartActivate.h in Headers */,
				2C4E27B0084273B000004A96 /* LogParser.h in Headers */,
				2C4E27B1084273B000004A96 /* stringExtra.h in Headers */,
				2CD553EF08BCDEB8007E43D1 /* SettingWindowController.h in Headers */,
				2CD5554E08BEC77E007E43D1 /* AppController.h in Headers */,
				2CA3F85008BEE22A00F997B9 /* PaletteWindowController.h in Headers */,
				2CA3F85F08BEE2AB00F997B9 /* ToolPaletteController.h in Headers */,
				2C59769408CC7A3A0050C238 /* NTYImmutableToMutableArrayOfObjectsTransformer.h in Headers */,
				2CB63A6D08CF053A002FCC88 /* TitlelessWindow.h in Headers */,
				2C6CA39908CF5558005D5612 /* RefPanelController.h in Headers */,
				2CDBE60A097BA7FE00C3300B /* LogWindowController.h in Headers */,
				2CBFCCC8097CA75900BCEB43 /* ErrorRecord.h in Headers */,
				2CBFCCF3097CAF2600BCEB43 /* FileRecord.h in Headers */,
				2CBFD20B097DFA9200BCEB43 /* miClient.h in Headers */,
				2C8F4F5709AEF77600997C75 /* WindowVisibilityController.h in Headers */,
				2C2B7E4609BD233F00B6B3F6 /* PathExtra.h in Headers */,
				2CB09B4C09BF3663008DA844 /* LogWindowItem.h in Headers */,
			);
			runOnlyForDeploymentPostprocessing = 0;
		};
/* End PBXHeadersBuildPhase section */

/* Begin PBXNativeTarget section */
		2C4E27AD084273B000004A96 /* TeXCompileServer */ = {
			isa = PBXNativeTarget;
			buildConfigurationList = 2C6D92DB0928239D005774F8 /* Build configuration list for PBXNativeTarget "TeXCompileServer" */;
			buildPhases = (
				2C4E27AE084273B000004A96 /* Headers */,
				2C4E27B2084273B000004A96 /* AppleScript */,
				2C4E27C4084273B000004A96 /* Resources */,
				2C4E27D5084273B000004A96 /* Sources */,
				2C4E27DA084273B000004A96 /* Frameworks */,
			);
			buildRules = (
			);
			buildSettings = {
				DSTROOT = "";
				GCC_GENERATE_DEBUGGING_SYMBOLS = NO;
				HEADER_SEARCH_PATHS = "";
				INFOPLIST_FILE = Info.plist;
				INSTALL_PATH = "";
				JAVAC_SOURCE_FILE_ENCODING = "X-MAC-JAPANESE";
				LIBRARY_SEARCH_PATHS = "";
				MACOSX_DEPLOYMENT_TARGET = 10.3;
				OTHER_CFLAGS = "";
				OTHER_LDFLAGS = "";
				PRODUCT_NAME = TeXCompileServer;
				SECTORDER_FLAGS = "";
				WARNING_CFLAGS = (
					"-Wmost",
					"-Wno-four-char-constants",
					"-Wno-unknown-pragmas",
				);
				WRAPPER_EXTENSION = app;
			};
			dependencies = (
			);
			name = TeXCompileServer;
			productInstallPath = "$(HOME)/Applications";
			productName = Application;
			productReference = 2C4E27E4084273B000004A96 /* TeXCompileServer.app */;
			productType = "com.apple.product-type.application";
		};
/* End PBXNativeTarget section */

/* Begin PBXProject section */
		29B97313FDCFA39411CA2CEA /* Project object */ = {
			isa = PBXProject;
			buildConfigurationList = 2C6D92E00928239E005774F8 /* Build configuration list for PBXProject "TeXCompileServer" */;
			buildSettings = {
			};
			buildStyles = (
				4A9504CCFFE6A4B311CA0CBA /* Development */,
				4A9504CDFFE6A4B311CA0CBA /* Deployment */,
				2CD607E60569023A00FAFD6B /* SDDebug */,
			);
			hasScannedForEncodings = 1;
			mainGroup = 29B97314FDCFA39411CA2CEA /* Application */;
			projectDirPath = "";
			targets = (
				2C4E27AD084273B000004A96 /* TeXCompileServer */,
			);
		};
/* End PBXProject section */

/* Begin PBXResourcesBuildPhase section */
		2C4E27C4084273B000004A96 /* Resources */ = {
			isa = PBXResourcesBuildPhase;
			buildActionMask = 2147483647;
			files = (
				2C4E27C5084273B000004A96 /* TeXCompileServer.nib in Resources */,
				2C4E27C6084273B000004A96 /* Localizable.strings in Resources */,
				2C4E27C7084273B000004A96 /* TeXCompileServer.icns in Resources */,
				2C4E27C9084273B000004A96 /* FactorySettings.plist in Resources */,
				2C4E27CA084273B000004A96 /* TeXtoPDFIcon.png in Resources */,
				2C4E27CB084273B000004A96 /* TeXtoDVIIcon.png in Resources */,
				2C4E27CC084273B000004A96 /* generalpref.png in Resources */,
				2C4E27CD084273B000004A96 /* DVItoPDFIcon.png in Resources */,
				2C4E27CE084273B000004A96 /* DVIPreviewIcon.png in Resources */,
				2C4E27CF084273B000004A96 /* Setting.nib in Resources */,
				2C4E27D0084273B000004A96 /* ToolPalette.nib in Resources */,
				2C4E27D1084273B000004A96 /* ReplaceDictionary.plist in Resources */,
				2C4E27D2084273B000004A96 /* plus.png in Resources */,
				2C4E27D3084273B000004A96 /* minus.png in Resources */,
				2C4E27D4084273B000004A96 /* miclient in Resources */,
				2C6CA37708CF54DD005D5612 /* ReferencePalette.nib in Resources */,
				2C6CA3A408CF5565005D5612 /* Reload.png in Resources */,
				2CBFCF11097CFF8600BCEB43 /* LogWindow.nib in Resources */,
				2C80445E098DE473001DAF04 /* setuphelp.sh in Resources */,
				2CF1023209AA25A1007DD27C /* ToolSupport.plist in Resources */,
				2CF1023609AA2CAE007DD27C /* ToolSupport216.plist in Resources */,
			);
			runOnlyForDeploymentPostprocessing = 0;
		};
/* End PBXResourcesBuildPhase section */

/* Begin PBXSourcesBuildPhase section */
		2C4E27D5084273B000004A96 /* Sources */ = {
			isa = PBXSourcesBuildPhase;
			buildActionMask = 2147483647;
			files = (
				2C4E27D6084273B000004A96 /* main.m in Sources */,
				2C4E27D7084273B000004A96 /* SmartActivate.m in Sources */,
				2C4E27D8084273B000004A96 /* stringExtra.m in Sources */,
				2C4E27D9084273B000004A96 /* LogParser.m in Sources */,
				2CD553F008BCDEB8007E43D1 /* SettingWindowController.m in Sources */,
				2CD5554F08BEC77F007E43D1 /* AppController.m in Sources */,
				2CA3F84F08BEE22A00F997B9 /* PaletteWindowController.m in Sources */,
				2CA3F86008BEE2AB00F997B9 /* ToolPaletteController.m in Sources */,
				2C59769308CC7A3A0050C238 /* NTYImmutableToMutableArrayOfObjectsTransformer.m in Sources */,
				2CB63A6E08CF053A002FCC88 /* TitlelessWindow.m in Sources */,
				2C6CA39808CF5558005D5612 /* RefPanelController.m in Sources */,
				2CDBE60B097BA7FE00C3300B /* LogWindowController.m in Sources */,
				2CBFCCC9097CA75900BCEB43 /* ErrorRecord.m in Sources */,
				2CBFCCF4097CAF2600BCEB43 /* FileRecord.m in Sources */,
				2CBFD20C097DFA9200BCEB43 /* miClient.m in Sources */,
				2CC4852D099040B0004E4BDE /* SmartActivate.c in Sources */,
				2C8F4F5809AEF77600997C75 /* WindowVisibilityController.m in Sources */,
				2C2B7E4709BD233F00B6B3F6 /* PathExtra.m in Sources */,
			);
			runOnlyForDeploymentPostprocessing = 0;
		};
/* End PBXSourcesBuildPhase section */

/* Begin PBXVariantGroup section */
		29B97318FDCFA39411CA2CEA /* TeXCompileServer.nib */ = {
			isa = PBXVariantGroup;
			children = (
				2C8C1DD80520B0DB009688D1 /* Japanese */,
			);
			name = TeXCompileServer.nib;
			sourceTree = "<group>";
		};
		2C6CA37508CF54DD005D5612 /* ReferencePalette.nib */ = {
			isa = PBXVariantGroup;
			children = (
				2C6CA37608CF54DD005D5612 /* Japanese */,
			);
			name = ReferencePalette.nib;
			sourceTree = "<group>";
		};
		2C732C7B07AE666B005ACE75 /* Setting.nib */ = {
			isa = PBXVariantGroup;
			children = (
				2C732C7C07AE666B005ACE75 /* Japanese */,
			);
			name = Setting.nib;
			sourceTree = "<group>";
		};
		2C732C7E07AE667D005ACE75 /* ToolPalette.nib */ = {
			isa = PBXVariantGroup;
			children = (
				2C732C7F07AE667D005ACE75 /* Japanese */,
			);
			name = ToolPalette.nib;
			sourceTree = "<group>";
		};
		2C9E42BE052215CB00248965 /* Localizable.strings */ = {
			isa = PBXVariantGroup;
			children = (
				2C9E42C1052215F000248965 /* Japanese */,
			);
			name = Localizable.strings;
			sourceTree = "<group>";
		};
		2CBFCF10097CFF8600BCEB43 /* LogWindow.nib */ = {
			isa = PBXVariantGroup;
			children = (
				2CBFCF12097CFF8700BCEB43 /* Japanese */,
			);
			name = LogWindow.nib;
			sourceTree = "<group>";
		};
/* End PBXVariantGroup section */

/* Begin XCBuildConfiguration section */
		2C6D92DC0928239E005774F8 /* Debug */ = {
			isa = XCBuildConfiguration;
			buildSettings = {
				COPY_PHASE_STRIP = NO;
				DSTROOT = "";
				GCC_C_LANGUAGE_STANDARD = c99;
				GCC_DYNAMIC_NO_PIC = NO;
				GCC_ENABLE_FIX_AND_CONTINUE = YES;
				GCC_GENERATE_DEBUGGING_SYMBOLS = YES;
				GCC_OPTIMIZATION_LEVEL = 0;
				HEADER_SEARCH_PATHS = "";
				INFOPLIST_FILE = Info.plist;
				INSTALL_PATH = "";
				JAVAC_SOURCE_FILE_ENCODING = "X-MAC-JAPANESE";
				LIBRARY_SEARCH_PATHS = "";
				MACOSX_DEPLOYMENT_TARGET = 10.3;
				OPTIMIZATION_CFLAGS = "-O0";
				OTHER_CFLAGS = "";
				OTHER_LDFLAGS = "";
				PRODUCT_NAME = TeXCompileServer;
				SECTORDER_FLAGS = "";
				WARNING_CFLAGS = (
					"-Wmost",
					"-Wno-four-char-constants",
					"-Wno-unknown-pragmas",
				);
				WRAPPER_EXTENSION = app;
				ZERO_LINK = YES;
			};
			name = Debug;
		};
		2C6D92DD0928239E005774F8 /* Release */ = {
			isa = XCBuildConfiguration;
			buildSettings = {
				COPY_PHASE_STRIP = YES;
				DEPLOYMENT_LOCATION = YES;
				DSTROOT = "$(HOME)";
				GCC_ENABLE_FIX_AND_CONTINUE = NO;
				GCC_GENERATE_DEBUGGING_SYMBOLS = NO;
				HEADER_SEARCH_PATHS = "";
				INFOPLIST_FILE = Info.plist;
				INSTALL_MODE_FLAG = "a+rX";
				INSTALL_PATH = /Library/Preferences/mi/mode/TEX;
				JAVAC_SOURCE_FILE_ENCODING = "X-MAC-JAPANESE";
				LIBRARY_SEARCH_PATHS = "";
				MACOSX_DEPLOYMENT_TARGET = 10.3;
				OTHER_CFLAGS = "";
				OTHER_LDFLAGS = "";
				OTHER_OSAFLAGS = "-x";
				PRODUCT_NAME = TeXCompileServer;
				SECTORDER_FLAGS = "";
				WARNING_CFLAGS = (
					"-Wmost",
					"-Wno-four-char-constants",
					"-Wno-unknown-pragmas",
				);
				WRAPPER_EXTENSION = app;
				ZERO_LINK = NO;
			};
			name = Release;
		};
		2C6D92DE0928239E005774F8 /* SDDebug */ = {
			isa = XCBuildConfiguration;
			buildSettings = {
				COPY_PHASE_STRIP = NO;
				DSTROOT = "";
				GCC_GENERATE_DEBUGGING_SYMBOLS = NO;
				HEADER_SEARCH_PATHS = "";
				INFOPLIST_FILE = Info.plist;
				INSTALL_PATH = "";
				JAVAC_SOURCE_FILE_ENCODING = "X-MAC-JAPANESE";
				LIBRARY_SEARCH_PATHS = "";
				MACOSX_DEPLOYMENT_TARGET = 10.3;
				OPTIMIZATION_CFLAGS = "-O0";
				OTHER_CFLAGS = "";
				OTHER_LDFLAGS = "";
				OTHER_OSAFLAGS = "-l \\\"AppleScript Debugger\\\"";
				PRODUCT_NAME = TeXCompileServer;
				SECTORDER_FLAGS = "";
				WARNING_CFLAGS = (
					"-Wmost",
					"-Wno-four-char-constants",
					"-Wno-unknown-pragmas",
				);
				WRAPPER_EXTENSION = app;
			};
			name = SDDebug;
		};
		2C6D92DF0928239E005774F8 /* Default */ = {
			isa = XCBuildConfiguration;
			buildSettings = {
				DSTROOT = "";
				GCC_GENERATE_DEBUGGING_SYMBOLS = NO;
				HEADER_SEARCH_PATHS = "";
				INFOPLIST_FILE = Info.plist;
				INSTALL_PATH = "";
				JAVAC_SOURCE_FILE_ENCODING = "X-MAC-JAPANESE";
				LIBRARY_SEARCH_PATHS = "";
				MACOSX_DEPLOYMENT_TARGET = 10.3;
				OTHER_CFLAGS = "";
				OTHER_LDFLAGS = "";
				PRODUCT_NAME = TeXCompileServer;
				SECTORDER_FLAGS = "";
				WARNING_CFLAGS = (
					"-Wmost",
					"-Wno-four-char-constants",
					"-Wno-unknown-pragmas",
				);
				WRAPPER_EXTENSION = app;
			};
			name = Default;
		};
		2C6D92E10928239E005774F8 /* Debug */ = {
			isa = XCBuildConfiguration;
			buildSettings = {
				GCC_C_LANGUAGE_STANDARD = c99;
				GCC_ENABLE_OBJC_EXCEPTIONS = YES;
				MACOSX_DEPLOYMENT_TARGET = 10.3;
				SDKROOT = /Developer/SDKs/MacOSX10.4u.sdk;
			};
			name = Debug;
		};
		2C6D92E20928239E005774F8 /* Release */ = {
			isa = XCBuildConfiguration;
			buildSettings = {
				ARCHS = (
					ppc,
					i386,
				);
				GCC_C_LANGUAGE_STANDARD = c99;
				GCC_ENABLE_OBJC_EXCEPTIONS = YES;
				MACOSX_DEPLOYMENT_TARGET = 10.3;
				PREBINDING = NO;
				SDKROOT = /Developer/SDKs/MacOSX10.4u.sdk;
			};
			name = Release;
		};
		2C6D92E30928239E005774F8 /* SDDebug */ = {
			isa = XCBuildConfiguration;
			buildSettings = {
				GCC_C_LANGUAGE_STANDARD = c99;
				GCC_ENABLE_OBJC_EXCEPTIONS = YES;
				MACOSX_DEPLOYMENT_TARGET = 10.3;
				SDKROOT = /Developer/SDKs/MacOSX10.4u.sdk;
			};
			name = SDDebug;
		};
		2C6D92E40928239E005774F8 /* Default */ = {
			isa = XCBuildConfiguration;
			buildSettings = {
				GCC_C_LANGUAGE_STANDARD = c99;
				GCC_ENABLE_OBJC_EXCEPTIONS = YES;
				MACOSX_DEPLOYMENT_TARGET = 10.3;
				SDKROOT = /Developer/SDKs/MacOSX10.4u.sdk;
			};
			name = Default;
		};
/* End XCBuildConfiguration section */

/* Begin XCConfigurationList section */
		2C6D92DB0928239D005774F8 /* Build configuration list for PBXNativeTarget "TeXCompileServer" */ = {
			isa = XCConfigurationList;
			buildConfigurations = (
				2C6D92DC0928239E005774F8 /* Debug */,
				2C6D92DD0928239E005774F8 /* Release */,
				2C6D92DE0928239E005774F8 /* SDDebug */,
				2C6D92DF0928239E005774F8 /* Default */,
			);
			defaultConfigurationIsVisible = 0;
			defaultConfigurationName = Default;
		};
		2C6D92E00928239E005774F8 /* Build configuration list for PBXProject "TeXCompileServer" */ = {
			isa = XCConfigurationList;
			buildConfigurations = (
				2C6D92E10928239E005774F8 /* Debug */,
				2C6D92E20928239E005774F8 /* Release */,
				2C6D92E30928239E005774F8 /* SDDebug */,
				2C6D92E40928239E005774F8 /* Default */,
			);
			defaultConfigurationIsVisible = 0;
			defaultConfigurationName = Default;
		};
/* End XCConfigurationList section */
	};
	rootObject = 29B97313FDCFA39411CA2CEA /* Project object */;
}
