// !$*UTF8*$!
{
	archiveVersion = 1;
	classes = {
	};
	objectVersion = 39;
	objects = {
		080E96DDFE201D6D7F000001 = {
			children = (
				2CA3F88208BEE59500F997B9,
				DA206CF3015C4E8B03C91932,
				2C54024007CCEF5000E8CEEB,
				2C329BDD063AB42000C9A56F,
				2C6FB9BD06255005004731C7,
				2CDA10AA069404FE00467991,
				2C6FB9C906255508004731C7,
				2CCD19FA06BE5DF800B6B166,
				2CCD1A4A06BE616C00B6B166,
				2C7C493607960CCD0026564C,
				2C6CA3AB08CF5572005D5612,
				2C6CA3C008CF559E005D5612,
			);
			isa = PBXGroup;
			name = "TeXCompileServer Scripts";
			refType = 4;
			sourceTree = "<group>";
		};
//080
//081
//082
//083
//084
//100
//101
//102
//103
//104
		1058C7A0FEA54F0111CA2CBB = {
			children = (
				2C2E545708062E8E0015E9EB,
				1058C7A1FEA54F0111CA2CBB,
				DA206CF1015C4E2903C91932,
			);
			isa = PBXGroup;
			name = "Linked Frameworks";
			refType = 4;
			sourceTree = "<group>";
		};
		1058C7A1FEA54F0111CA2CBB = {
			isa = PBXFileReference;
			lastKnownFileType = wrapper.framework;
			name = Cocoa.framework;
			path = /System/Library/Frameworks/Cocoa.framework;
			refType = 0;
			sourceTree = "<absolute>";
		};
		1058C7A2FEA54F0111CA2CBB = {
			children = (
				29B97325FDCFA39411CA2CEA,
				29B97324FDCFA39411CA2CEA,
			);
			isa = PBXGroup;
			name = "Other Frameworks";
			refType = 4;
			sourceTree = "<group>";
		};
//100
//101
//102
//103
//104
//190
//191
//192
//193
//194
		19C28FACFE9D520D11CA2CBB = {
			children = (
				2C4E27E4084273B000004A96,
			);
			isa = PBXGroup;
			name = Products;
			refType = 4;
			sourceTree = "<group>";
		};
//190
//191
//192
//193
//194
//290
//291
//292
//293
//294
		29B97313FDCFA39411CA2CEA = {
			buildSettings = {
			};
			buildStyles = (
				4A9504CCFFE6A4B311CA0CBA,
				4A9504CDFFE6A4B311CA0CBA,
				2CD607E60569023A00FAFD6B,
			);
			hasScannedForEncodings = 1;
			isa = PBXProject;
			mainGroup = 29B97314FDCFA39411CA2CEA;
			projectDirPath = "";
			targets = (
				2C4E27AD084273B000004A96,
			);
		};
		29B97314FDCFA39411CA2CEA = {
			children = (
				2CD553EC08BCDE96007E43D1,
				080E96DDFE201D6D7F000001,
				2C54FE0A07C9E5AC00E8CEEB,
				29B97317FDCFA39411CA2CEA,
				2C49445407AD219B00B2A8D8,
				29B97315FDCFA39411CA2CEA,
				2CB63A5D08CF038D002FCC88,
				29B97323FDCFA39411CA2CEA,
				19C28FACFE9D520D11CA2CBB,
			);
			isa = PBXGroup;
			name = Application;
			path = "";
			refType = 4;
			sourceTree = "<group>";
		};
		29B97315FDCFA39411CA2CEA = {
			children = (
				2CDACD7F0813BE3F000B9086,
				2CDACD820813BE3F000B9086,
				2CDACD800813BE3F000B9086,
				2CDACD810813BE3F000B9086,
				2C2E5293080625270015E9EB,
				2C2E5294080625270015E9EB,
				29B97316FDCFA39411CA2CEA,
			);
			isa = PBXGroup;
			name = "Other Sources";
			path = "";
			refType = 4;
			sourceTree = "<group>";
		};
		29B97316FDCFA39411CA2CEA = {
			fileEncoding = 30;
			isa = PBXFileReference;
			lastKnownFileType = sourcecode.c.objc;
			path = main.m;
			refType = 4;
			sourceTree = "<group>";
		};
		29B97317FDCFA39411CA2CEA = {
			children = (
				2C4E27E3084273B000004A96,
				2C54027507CD5AAB00E8CEEB,
				2C7C498707962E380026564C,
				29B97318FDCFA39411CA2CEA,
				DA206CF4015C4E8B03C91932,
				2C9E42BE052215CB00248965,
				2CDACE460813EF6B000B9086,
				2C732C7B07AE666B005ACE75,
				2C732C7E07AE667D005ACE75,
				2C6CA37508CF54DD005D5612,
			);
			isa = PBXGroup;
			name = Resources;
			path = "";
			refType = 4;
			sourceTree = "<group>";
		};
		29B97318FDCFA39411CA2CEA = {
			children = (
				2C8C1DD80520B0DB009688D1,
			);
			isa = PBXVariantGroup;
			name = TeXCompileServer.nib;
			path = "";
			refType = 4;
			sourceTree = "<group>";
		};
		29B97323FDCFA39411CA2CEA = {
			children = (
				1058C7A0FEA54F0111CA2CBB,
				1058C7A2FEA54F0111CA2CBB,
			);
			isa = PBXGroup;
			name = Frameworks;
			path = "";
			refType = 4;
			sourceTree = "<group>";
		};
		29B97324FDCFA39411CA2CEA = {
			isa = PBXFileReference;
			lastKnownFileType = wrapper.framework;
			name = AppKit.framework;
			path = /System/Library/Frameworks/AppKit.framework;
			refType = 0;
			sourceTree = "<absolute>";
		};
		29B97325FDCFA39411CA2CEA = {
			isa = PBXFileReference;
			lastKnownFileType = wrapper.framework;
			name = Foundation.framework;
			path = /System/Library/Frameworks/Foundation.framework;
			refType = 0;
			sourceTree = "<absolute>";
		};
//290
//291
//292
//293
//294
//2C0
//2C1
//2C2
//2C3
//2C4
		2C1732EF063C19ED000FEAF8 = {
			fileEncoding = "-2147483647";
			isa = PBXFileReference;
			lastKnownFileType = sourcecode.applescript;
			path = ColorSwitch.applescript;
			refType = 4;
			sourceTree = "<group>";
		};
		2C1732F1063C1A19000FEAF8 = {
			fileEncoding = "-2147483647";
			isa = PBXFileReference;
			lastKnownFileType = sourcecode.applescript;
			path = UtilityHandlers.applescript;
			refType = 4;
			sourceTree = "<group>";
		};
		2C1732F7063C1BD0000FEAF8 = {
			fileEncoding = "-2147483647";
			isa = PBXFileReference;
			lastKnownFileType = sourcecode.applescript;
			path = MessageUtility.applescript;
			refType = 4;
			sourceTree = "<group>";
		};
		2C17332A063C1C9D000FEAF8 = {
			fileEncoding = "-2147483647";
			isa = PBXFileReference;
			lastKnownFileType = sourcecode.applescript;
			path = TerminalSettingObj.applescript;
			refType = 4;
			sourceTree = "<group>";
		};
		2C2E5293080625270015E9EB = {
			fileEncoding = 4;
			isa = PBXFileReference;
			lastKnownFileType = sourcecode.c.h;
			path = SmartActivate.h;
			refType = 4;
			sourceTree = "<group>";
		};
		2C2E5294080625270015E9EB = {
			fileEncoding = 4;
			isa = PBXFileReference;
			lastKnownFileType = sourcecode.c.objc;
			path = SmartActivate.m;
			refType = 4;
			sourceTree = "<group>";
		};
		2C2E545708062E8E0015E9EB = {
			isa = PBXFileReference;
			lastKnownFileType = wrapper.framework;
			name = ApplicationServices.framework;
			path = /System/Library/Frameworks/ApplicationServices.framework;
			refType = 0;
			sourceTree = "<absolute>";
		};
		2C329BDD063AB42000C9A56F = {
			fileEncoding = "-2147483647";
			isa = PBXFileReference;
			lastKnownFileType = sourcecode.applescript;
			path = LogFileParser.applescript;
			refType = 4;
			sourceTree = "<group>";
		};
		2C42F0DD08CDF41D00765CCF = {
			fileEncoding = "-2147483647";
			isa = PBXFileReference;
			lastKnownFileType = sourcecode.c.h;
			path = AppNameToIconImageTransformer.h;
			refType = 4;
			sourceTree = "<group>";
		};
		2C42F0DE08CDF41D00765CCF = {
			fileEncoding = "-2147483647";
			isa = PBXFileReference;
			lastKnownFileType = sourcecode.c.objc;
			path = AppNameToIconImageTransformer.m;
			refType = 4;
			sourceTree = "<group>";
		};
		2C49445407AD219B00B2A8D8 = {
			children = (
				2C6CA3A308CF5565005D5612,
				2CD5AA9506CCD9B500967BE0,
				2C49445A07AD21E900B2A8D8,
				2C49445B07AD21E900B2A8D8,
				2C49445C07AD21E900B2A8D8,
				2C49445D07AD21E900B2A8D8,
				2C71167D07D177B8008BCAEF,
				2C71167E07D177B8008BCAEF,
				2C49445E07AD21E900B2A8D8,
			);
			isa = PBXGroup;
			name = "Icon Images";
			path = "";
			refType = 4;
			sourceTree = "<group>";
		};
		2C49445A07AD21E900B2A8D8 = {
			isa = PBXFileReference;
			lastKnownFileType = image.png;
			path = TeXtoPDFIcon.png;
			refType = 4;
			sourceTree = "<group>";
		};
		2C49445B07AD21E900B2A8D8 = {
			isa = PBXFileReference;
			lastKnownFileType = image.png;
			path = TeXtoDVIIcon.png;
			refType = 4;
			sourceTree = "<group>";
		};
		2C49445C07AD21E900B2A8D8 = {
			isa = PBXFileReference;
			lastKnownFileType = image.png;
			path = generalpref.png;
			refType = 4;
			sourceTree = "<group>";
		};
		2C49445D07AD21E900B2A8D8 = {
			isa = PBXFileReference;
			lastKnownFileType = image.png;
			path = DVItoPDFIcon.png;
			refType = 4;
			sourceTree = "<group>";
		};
		2C49445E07AD21E900B2A8D8 = {
			isa = PBXFileReference;
			lastKnownFileType = image.png;
			path = DVIPreviewIcon.png;
			refType = 4;
			sourceTree = "<group>";
		};
		2C4E27AD084273B000004A96 = {
			buildPhases = (
				2C4E27AE084273B000004A96,
				2C4E27B2084273B000004A96,
				2C4E27C4084273B000004A96,
				2C4E27D5084273B000004A96,
				2C4E27DA084273B000004A96,
				2C4E27DF084273B000004A96,
				2C4E27E2084273B000004A96,
			);
			buildRules = (
			);
			buildSettings = {
				DSTROOT = "";
				GCC_GENERATE_DEBUGGING_SYMBOLS = NO;
				HEADER_SEARCH_PATHS = "";
				INFOPLIST_FILE = Info.plist;
				INSTALL_PATH = "";
				JAVAC_SOURCE_FILE_ENCODING = "X-MAC-JAPANESE";
				LIBRARY_SEARCH_PATHS = "";
				MACOSX_DEPLOYMENT_TARGET = 10.3;
				OTHER_CFLAGS = "";
				OTHER_LDFLAGS = "";
				PRODUCT_NAME = TeXCompileServer;
				SECTORDER_FLAGS = "";
				WARNING_CFLAGS = "-Wmost -Wno-four-char-constants -Wno-unknown-pragmas";
				WRAPPER_EXTENSION = app;
			};
			dependencies = (
			);
			isa = PBXNativeTarget;
			name = TeXCompileServer;
			productInstallPath = "$(HOME)/Applications";
			productName = Application;
			productReference = 2C4E27E4084273B000004A96;
			productType = "com.apple.product-type.application";
		};
		2C4E27AE084273B000004A96 = {
			buildActionMask = 2147483647;
			files = (
				2C4E27AF084273B000004A96,
				2C4E27B0084273B000004A96,
				2C4E27B1084273B000004A96,
				2CD553EF08BCDEB8007E43D1,
				2CD5554E08BEC77E007E43D1,
				2CA3F85008BEE22A00F997B9,
				2CA3F85F08BEE2AB00F997B9,
				2C59769408CC7A3A0050C238,
				2CB63A6D08CF053A002FCC88,
				2C6CA39908CF5558005D5612,
			);
			isa = PBXHeadersBuildPhase;
			runOnlyForDeploymentPostprocessing = 0;
		};
		2C4E27AF084273B000004A96 = {
			fileRef = 2C2E5293080625270015E9EB;
			isa = PBXBuildFile;
			settings = {
			};
		};
		2C4E27B0084273B000004A96 = {
			fileRef = 2CDACD7F0813BE3F000B9086;
			isa = PBXBuildFile;
			settings = {
			};
		};
		2C4E27B1084273B000004A96 = {
			fileRef = 2CDACD800813BE3F000B9086;
			isa = PBXBuildFile;
			settings = {
			};
		};
		2C4E27B2084273B000004A96 = {
			buildActionMask = 2147483647;
			contextName = "";
			files = (
				2C4E27B3084273B000004A96,
				2C4E27B4084273B000004A96,
				2C4E27B5084273B000004A96,
				2C4E27B6084273B000004A96,
				2C4E27B7084273B000004A96,
				2C4E27B8084273B000004A96,
				2C4E27B9084273B000004A96,
				2C4E27BA084273B000004A96,
				2C4E27BB084273B000004A96,
				2C4E27BC084273B000004A96,
				2C4E27BD084273B000004A96,
				2C4E27BE084273B000004A96,
				2C4E27BF084273B000004A96,
				2C4E27C1084273B000004A96,
				2C4E27C3084273B000004A96,
				2CA3F88308BEE59500F997B9,
				2C6CA3AC08CF5572005D5612,
				2C6CA3C108CF559E005D5612,
				2C6CA44208CFC6D2005D5612,
			);
			isSharedContext = 0;
			isa = PBXAppleScriptBuildPhase;
			runOnlyForDeploymentPostprocessing = 0;
		};
		2C4E27B3084273B000004A96 = {
			fileRef = DA206CF3015C4E8B03C91932;
			isa = PBXBuildFile;
			settings = {
				ATTRIBUTES = (
					Debug,
				);
			};
		};
		2C4E27B4084273B000004A96 = {
			fileRef = 2C6FB9BD06255005004731C7;
			isa = PBXBuildFile;
			settings = {
				ATTRIBUTES = (
					Debug,
				);
			};
		};
		2C4E27B5084273B000004A96 = {
			fileRef = 2C6FB9C906255508004731C7;
			isa = PBXBuildFile;
			settings = {
				ATTRIBUTES = (
					Debug,
				);
			};
		};
		2C4E27B6084273B000004A96 = {
			fileRef = 2C329BDD063AB42000C9A56F;
			isa = PBXBuildFile;
			settings = {
				ATTRIBUTES = (
					Debug,
				);
			};
		};
		2C4E27B7084273B000004A96 = {
			fileRef = 2C1732EF063C19ED000FEAF8;
			isa = PBXBuildFile;
			settings = {
				ATTRIBUTES = (
					Debug,
				);
			};
		};
		2C4E27B8084273B000004A96 = {
			fileRef = 2C1732F1063C1A19000FEAF8;
			isa = PBXBuildFile;
			settings = {
				ATTRIBUTES = (
					Debug,
				);
			};
		};
		2C4E27B9084273B000004A96 = {
			fileRef = 2C1732F7063C1BD0000FEAF8;
			isa = PBXBuildFile;
			settings = {
				ATTRIBUTES = (
					Debug,
				);
			};
		};
		2C4E27BA084273B000004A96 = {
			fileRef = 2C17332A063C1C9D000FEAF8;
			isa = PBXBuildFile;
			settings = {
				ATTRIBUTES = (
					Debug,
				);
			};
		};
		2C4E27BB084273B000004A96 = {
			fileRef = 2CDA10AA069404FE00467991;
			isa = PBXBuildFile;
			settings = {
				ATTRIBUTES = (
					Debug,
				);
			};
		};
		2C4E27BC084273B000004A96 = {
			fileRef = 2CCD19FA06BE5DF800B6B166;
			isa = PBXBuildFile;
			settings = {
				ATTRIBUTES = (
					Debug,
				);
			};
		};
		2C4E27BD084273B000004A96 = {
			fileRef = 2CCD1A4A06BE616C00B6B166;
			isa = PBXBuildFile;
			settings = {
				ATTRIBUTES = (
					Debug,
				);
			};
		};
		2C4E27BE084273B000004A96 = {
			fileRef = 2C7C492E07960C830026564C;
			isa = PBXBuildFile;
			settings = {
				ATTRIBUTES = (
					Debug,
				);
			};
		};
		2C4E27BF084273B000004A96 = {
			fileRef = 2C7C493607960CCD0026564C;
			isa = PBXBuildFile;
			settings = {
				ATTRIBUTES = (
					Debug,
				);
			};
		};
		2C4E27C1084273B000004A96 = {
			fileRef = 2C54024007CCEF5000E8CEEB;
			isa = PBXBuildFile;
			settings = {
				ATTRIBUTES = (
					Debug,
				);
			};
		};
		2C4E27C3084273B000004A96 = {
			fileRef = 2CC144FA08067AB000F04B63;
			isa = PBXBuildFile;
			settings = {
				ATTRIBUTES = (
					Debug,
				);
			};
		};
		2C4E27C4084273B000004A96 = {
			buildActionMask = 2147483647;
			files = (
				2C4E27C5084273B000004A96,
				2C4E27C6084273B000004A96,
				2C4E27C7084273B000004A96,
				2C4E27C9084273B000004A96,
				2C4E27CA084273B000004A96,
				2C4E27CB084273B000004A96,
				2C4E27CC084273B000004A96,
				2C4E27CD084273B000004A96,
				2C4E27CE084273B000004A96,
				2C4E27CF084273B000004A96,
				2C4E27D0084273B000004A96,
				2C4E27D1084273B000004A96,
				2C4E27D2084273B000004A96,
				2C4E27D3084273B000004A96,
				2C4E27D4084273B000004A96,
				2C6CA37708CF54DD005D5612,
				2C6CA3A408CF5565005D5612,
			);
			isa = PBXResourcesBuildPhase;
			runOnlyForDeploymentPostprocessing = 0;
		};
		2C4E27C5084273B000004A96 = {
			fileRef = 29B97318FDCFA39411CA2CEA;
			isa = PBXBuildFile;
			settings = {
			};
		};
		2C4E27C6084273B000004A96 = {
			fileRef = 2C9E42BE052215CB00248965;
			isa = PBXBuildFile;
			settings = {
			};
		};
		2C4E27C7084273B000004A96 = {
			fileRef = 2CD5AA9506CCD9B500967BE0;
			isa = PBXBuildFile;
			settings = {
			};
		};
		2C4E27C9084273B000004A96 = {
			fileRef = 2C7C498707962E380026564C;
			isa = PBXBuildFile;
			settings = {
			};
		};
		2C4E27CA084273B000004A96 = {
			fileRef = 2C49445A07AD21E900B2A8D8;
			isa = PBXBuildFile;
			settings = {
			};
		};
		2C4E27CB084273B000004A96 = {
			fileRef = 2C49445B07AD21E900B2A8D8;
			isa = PBXBuildFile;
			settings = {
			};
		};
		2C4E27CC084273B000004A96 = {
			fileRef = 2C49445C07AD21E900B2A8D8;
			isa = PBXBuildFile;
			settings = {
			};
		};
		2C4E27CD084273B000004A96 = {
			fileRef = 2C49445D07AD21E900B2A8D8;
			isa = PBXBuildFile;
			settings = {
			};
		};
		2C4E27CE084273B000004A96 = {
			fileRef = 2C49445E07AD21E900B2A8D8;
			isa = PBXBuildFile;
			settings = {
			};
		};
		2C4E27CF084273B000004A96 = {
			fileRef = 2C732C7B07AE666B005ACE75;
			isa = PBXBuildFile;
			settings = {
			};
		};
		2C4E27D0084273B000004A96 = {
			fileRef = 2C732C7E07AE667D005ACE75;
			isa = PBXBuildFile;
			settings = {
			};
		};
		2C4E27D1084273B000004A96 = {
			fileRef = 2C54027507CD5AAB00E8CEEB;
			isa = PBXBuildFile;
			settings = {
			};
		};
		2C4E27D2084273B000004A96 = {
			fileRef = 2C71167D07D177B8008BCAEF;
			isa = PBXBuildFile;
			settings = {
			};
		};
		2C4E27D3084273B000004A96 = {
			fileRef = 2C71167E07D177B8008BCAEF;
			isa = PBXBuildFile;
			settings = {
			};
		};
		2C4E27D4084273B000004A96 = {
			fileRef = 2CDACE460813EF6B000B9086;
			isa = PBXBuildFile;
			settings = {
			};
		};
		2C4E27D5084273B000004A96 = {
			buildActionMask = 2147483647;
			files = (
				2C4E27D6084273B000004A96,
				2C4E27D7084273B000004A96,
				2C4E27D8084273B000004A96,
				2C4E27D9084273B000004A96,
				2CD553F008BCDEB8007E43D1,
				2CD5554F08BEC77F007E43D1,
				2CA3F84F08BEE22A00F997B9,
				2CA3F86008BEE2AB00F997B9,
				2C59769308CC7A3A0050C238,
				2CB63A6E08CF053A002FCC88,
				2C6CA39808CF5558005D5612,
			);
			isa = PBXSourcesBuildPhase;
			runOnlyForDeploymentPostprocessing = 0;
		};
		2C4E27D6084273B000004A96 = {
			fileRef = 29B97316FDCFA39411CA2CEA;
			isa = PBXBuildFile;
			settings = {
				ATTRIBUTES = (
				);
			};
		};
		2C4E27D7084273B000004A96 = {
			fileRef = 2C2E5294080625270015E9EB;
			isa = PBXBuildFile;
			settings = {
			};
		};
		2C4E27D8084273B000004A96 = {
			fileRef = 2CDACD810813BE3F000B9086;
			isa = PBXBuildFile;
			settings = {
			};
		};
		2C4E27D9084273B000004A96 = {
			fileRef = 2CDACD820813BE3F000B9086;
			isa = PBXBuildFile;
			settings = {
			};
		};
		2C4E27DA084273B000004A96 = {
			buildActionMask = 2147483647;
			files = (
				2C4E27DB084273B000004A96,
				2C4E27DC084273B000004A96,
				2C4E27DD084273B000004A96,
			);
			isa = PBXFrameworksBuildPhase;
			runOnlyForDeploymentPostprocessing = 0;
		};
		2C4E27DB084273B000004A96 = {
			fileRef = 1058C7A1FEA54F0111CA2CBB;
			isa = PBXBuildFile;
			settings = {
			};
		};
		2C4E27DC084273B000004A96 = {
			fileRef = DA206CF1015C4E2903C91932;
			isa = PBXBuildFile;
			settings = {
			};
		};
		2C4E27DD084273B000004A96 = {
			fileRef = 2C2E545708062E8E0015E9EB;
			isa = PBXBuildFile;
			settings = {
			};
		};
		2C4E27DF084273B000004A96 = {
			buildActionMask = 2147483647;
			dstPath = "";
			dstSubfolderSpec = 7;
			files = (
				2C4E27E0084273B000004A96,
			);
			isa = PBXCopyFilesBuildPhase;
			runOnlyForDeploymentPostprocessing = 0;
		};
		2C4E27E0084273B000004A96 = {
			fileRef = 2CDACE460813EF6B000B9086;
			isa = PBXBuildFile;
			settings = {
			};
		};
		2C4E27E2084273B000004A96 = {
			buildActionMask = 12;
			files = (
			);
			inputPaths = (
			);
			isa = PBXShellScriptBuildPhase;
			outputPaths = (
			);
			runOnlyForDeploymentPostprocessing = 0;
			shellPath = /bin/sh;
			shellScript = "if [ \"$BUILD_STYLE\" = 'Deployment' ]; then\n#helpdir=\"$SYMROOT/$TARGET_NAME.app/Contents/Resources/$TARGET_NAME Help\"\nhelpdir=\"$INSTALL_DIR/$TARGET_NAME.app/Contents/Resources/$TARGET_NAME Help\"\nmkdir -p \"$helpdir\"\nsitetears_path='/Users/tkurita/Factories/Perl factory/ProjectsX/SiteTears/SiteTears.pl'\nmanual_folder='/Users/tkurita/Factories/Websites/scriptfactory folder/scriptfactory/ScriptGallery/TheOtherScripts/TeXToolsFormi/manual'\nmanual_path=\"$manual_folder/index.html\"\nperl \"$sitetears_path\" \"$manual_path\" \"$helpdir/index.html\"\nopen -a '/Developer/Applications/Utilities/Apple Help Indexing Tool.app' \"$helpdir\"\niconPath=\"$manual_folder/TeXCompileServerIcon16.png\"\ncp \"$iconPath\" \"$helpdir\"\nfi\n";
		};
		2C4E27E3084273B000004A96 = {
			fileEncoding = 4;
			isa = PBXFileReference;
			lastKnownFileType = text.xml;
			lineEnding = 0;
			path = Info.plist;
			refType = 4;
			sourceTree = "<group>";
		};
		2C4E27E4084273B000004A96 = {
			explicitFileType = wrapper.application;
			includeInIndex = 0;
			isa = PBXFileReference;
			path = TeXCompileServer.app;
			refType = 3;
			sourceTree = BUILT_PRODUCTS_DIR;
		};
		2C54024007CCEF5000E8CEEB = {
			fileEncoding = 4;
			isa = PBXFileReference;
			lastKnownFileType = sourcecode.applescript;
			path = ReplaceInputObj.applescript;
			refType = 4;
			sourceTree = "<group>";
		};
		2C54027507CD5AAB00E8CEEB = {
			fileEncoding = 4;
			isa = PBXFileReference;
			lastKnownFileType = text.xml;
			path = ReplaceDictionary.plist;
			refType = 4;
			sourceTree = "<group>";
		};
		2C54FE0A07C9E5AC00E8CEEB = {
			children = (
				2C6CA44108CFC6D2005D5612,
				2CC144FA08067AB000F04B63,
				2C17332A063C1C9D000FEAF8,
				2C7C492E07960C830026564C,
				2C1732F7063C1BD0000FEAF8,
				2C1732EF063C19ED000FEAF8,
				2C1732F1063C1A19000FEAF8,
			);
			isa = PBXGroup;
			name = "Library Scripts";
			path = "";
			refType = 4;
			sourceTree = "<group>";
		};
		2C59769108CC7A3A0050C238 = {
			fileEncoding = "-2147483647";
			isa = PBXFileReference;
			lastKnownFileType = sourcecode.c.objc;
			path = NTYImmutableToMutableArrayOfObjectsTransformer.m;
			refType = 4;
			sourceTree = "<group>";
		};
		2C59769208CC7A3A0050C238 = {
			fileEncoding = "-2147483647";
			isa = PBXFileReference;
			lastKnownFileType = sourcecode.c.h;
			path = NTYImmutableToMutableArrayOfObjectsTransformer.h;
			refType = 4;
			sourceTree = "<group>";
		};
		2C59769308CC7A3A0050C238 = {
			fileRef = 2C59769108CC7A3A0050C238;
			isa = PBXBuildFile;
			settings = {
			};
		};
		2C59769408CC7A3A0050C238 = {
			fileRef = 2C59769208CC7A3A0050C238;
			isa = PBXBuildFile;
			settings = {
			};
		};
		2C6CA37508CF54DD005D5612 = {
			children = (
				2C6CA37608CF54DD005D5612,
			);
			isa = PBXVariantGroup;
			name = ReferencePalette.nib;
			path = "";
			refType = 4;
			sourceTree = "<group>";
		};
		2C6CA37608CF54DD005D5612 = {
			isa = PBXFileReference;
			lastKnownFileType = wrapper.nib;
			name = Japanese;
			path = Japanese.lproj/ReferencePalette.nib;
			refType = 4;
			sourceTree = "<group>";
		};
		2C6CA37708CF54DD005D5612 = {
			fileRef = 2C6CA37508CF54DD005D5612;
			isa = PBXBuildFile;
			settings = {
			};
		};
		2C6CA39608CF5558005D5612 = {
			fileEncoding = "-2147483647";
			isa = PBXFileReference;
			lastKnownFileType = sourcecode.c.objc;
			path = RefPanelController.m;
			refType = 4;
			sourceTree = "<group>";
		};
		2C6CA39708CF5558005D5612 = {
			fileEncoding = "-2147483647";
			isa = PBXFileReference;
			lastKnownFileType = sourcecode.c.h;
			path = RefPanelController.h;
			refType = 4;
			sourceTree = "<group>";
		};
		2C6CA39808CF5558005D5612 = {
			fileRef = 2C6CA39608CF5558005D5612;
			isa = PBXBuildFile;
			settings = {
			};
		};
		2C6CA39908CF5558005D5612 = {
			fileRef = 2C6CA39708CF5558005D5612;
			isa = PBXBuildFile;
			settings = {
			};
		};
		2C6CA3A308CF5565005D5612 = {
			isa = PBXFileReference;
			lastKnownFileType = image.png;
			path = Reload.png;
			refType = 4;
			sourceTree = "<group>";
		};
		2C6CA3A408CF5565005D5612 = {
			fileRef = 2C6CA3A308CF5565005D5612;
			isa = PBXBuildFile;
			settings = {
			};
		};
		2C6CA3AB08CF5572005D5612 = {
			fileEncoding = "-2147483647";
			isa = PBXFileReference;
			lastKnownFileType = sourcecode.applescript;
			path = RefPanelController.applescript;
			refType = 4;
			sourceTree = "<group>";
		};
		2C6CA3AC08CF5572005D5612 = {
			fileRef = 2C6CA3AB08CF5572005D5612;
			isa = PBXBuildFile;
			settings = {
				ATTRIBUTES = (
					Debug,
				);
			};
		};
		2C6CA3C008CF559E005D5612 = {
			fileEncoding = "-2147483647";
			isa = PBXFileReference;
			lastKnownFileType = sourcecode.applescript;
			path = LabelListObj.applescript;
			refType = 4;
			sourceTree = "<group>";
		};
		2C6CA3C108CF559E005D5612 = {
			fileRef = 2C6CA3C008CF559E005D5612;
			isa = PBXBuildFile;
			settings = {
				ATTRIBUTES = (
					Debug,
				);
			};
		};
		2C6CA44108CFC6D2005D5612 = {
			fileEncoding = "-2147483647";
			isa = PBXFileReference;
			lastKnownFileType = sourcecode.applescript;
			path = SheetManager.applescript;
			refType = 4;
			sourceTree = "<group>";
		};
		2C6CA44208CFC6D2005D5612 = {
			fileRef = 2C6CA44108CFC6D2005D5612;
			isa = PBXBuildFile;
			settings = {
				ATTRIBUTES = (
					Debug,
				);
			};
		};
		2C6FB9BD06255005004731C7 = {
			fileEncoding = 4;
			isa = PBXFileReference;
			lastKnownFileType = sourcecode.applescript;
			path = TeXCompileObj.applescript;
			refType = 4;
			sourceTree = "<group>";
		};
		2C6FB9C906255508004731C7 = {
			fileEncoding = 4;
			isa = PBXFileReference;
			lastKnownFileType = sourcecode.applescript;
			path = EditCommands.applescript;
			refType = 4;
			sourceTree = "<group>";
		};
		2C71167D07D177B8008BCAEF = {
			isa = PBXFileReference;
			lastKnownFileType = image.png;
			path = plus.png;
			refType = 4;
			sourceTree = "<group>";
		};
		2C71167E07D177B8008BCAEF = {
			isa = PBXFileReference;
			lastKnownFileType = image.png;
			path = minus.png;
			refType = 4;
			sourceTree = "<group>";
		};
		2C732C7B07AE666B005ACE75 = {
			children = (
				2C732C7C07AE666B005ACE75,
			);
			isa = PBXVariantGroup;
			name = Setting.nib;
			path = "";
			refType = 4;
			sourceTree = "<group>";
		};
		2C732C7C07AE666B005ACE75 = {
			isa = PBXFileReference;
			lastKnownFileType = wrapper.nib;
			name = Japanese;
			path = Japanese.lproj/Setting.nib;
			refType = 4;
			sourceTree = "<group>";
		};
		2C732C7E07AE667D005ACE75 = {
			children = (
				2C732C7F07AE667D005ACE75,
			);
			isa = PBXVariantGroup;
			name = ToolPalette.nib;
			path = "";
			refType = 4;
			sourceTree = "<group>";
		};
		2C732C7F07AE667D005ACE75 = {
			isa = PBXFileReference;
			lastKnownFileType = wrapper.nib;
			name = Japanese;
			path = Japanese.lproj/ToolPalette.nib;
			refType = 4;
			sourceTree = "<group>";
		};
		2C7C492E07960C830026564C = {
			fileEncoding = "-2147483647";
			isa = PBXFileReference;
			lastKnownFileType = sourcecode.applescript;
			path = DefaultsManager.applescript;
			refType = 4;
			sourceTree = "<group>";
		};
		2C7C493607960CCD0026564C = {
			fileEncoding = 4;
			isa = PBXFileReference;
			lastKnownFileType = sourcecode.applescript;
			path = SettingWindowController.applescript;
			refType = 4;
			sourceTree = "<group>";
		};
		2C7C498707962E380026564C = {
			fileEncoding = 4;
			isa = PBXFileReference;
			lastKnownFileType = text.xml;
			path = FactorySettings.plist;
			refType = 4;
			sourceTree = "<group>";
		};
		2C8C1DD80520B0DB009688D1 = {
			isa = PBXFileReference;
			lastKnownFileType = wrapper.nib;
			name = Japanese;
			path = Japanese.lproj/TeXCompileServer.nib;
			refType = 4;
			sourceTree = "<group>";
		};
		2C9E42BE052215CB00248965 = {
			children = (
				2C9E42C1052215F000248965,
			);
			isa = PBXVariantGroup;
			name = Localizable.strings;
			path = "";
			refType = 4;
			sourceTree = "<group>";
		};
		2C9E42C1052215F000248965 = {
			fileEncoding = 4;
			isa = PBXFileReference;
			lastKnownFileType = text.plist.strings;
			name = Japanese;
			path = Japanese.lproj/Localizable.strings;
			refType = 4;
			sourceTree = "<group>";
		};
		2CA3F84D08BEE22A00F997B9 = {
			fileEncoding = "-2147483647";
			isa = PBXFileReference;
			lastKnownFileType = sourcecode.c.objc;
			path = PaletteWindowController.m;
			refType = 4;
			sourceTree = "<group>";
		};
		2CA3F84E08BEE22A00F997B9 = {
			fileEncoding = "-2147483647";
			isa = PBXFileReference;
			lastKnownFileType = sourcecode.c.h;
			path = PaletteWindowController.h;
			refType = 4;
			sourceTree = "<group>";
		};
		2CA3F84F08BEE22A00F997B9 = {
			fileRef = 2CA3F84D08BEE22A00F997B9;
			isa = PBXBuildFile;
			settings = {
			};
		};
		2CA3F85008BEE22A00F997B9 = {
			fileRef = 2CA3F84E08BEE22A00F997B9;
			isa = PBXBuildFile;
			settings = {
			};
		};
		2CA3F85D08BEE2AB00F997B9 = {
			fileEncoding = "-2147483647";
			isa = PBXFileReference;
			lastKnownFileType = sourcecode.c.h;
			path = ToolPaletteController.h;
			refType = 4;
			sourceTree = "<group>";
		};
		2CA3F85E08BEE2AB00F997B9 = {
			fileEncoding = "-2147483647";
			isa = PBXFileReference;
			lastKnownFileType = sourcecode.c.objc;
			path = ToolPaletteController.m;
			refType = 4;
			sourceTree = "<group>";
		};
		2CA3F85F08BEE2AB00F997B9 = {
			fileRef = 2CA3F85D08BEE2AB00F997B9;
			isa = PBXBuildFile;
			settings = {
			};
		};
		2CA3F86008BEE2AB00F997B9 = {
			fileRef = 2CA3F85E08BEE2AB00F997B9;
			isa = PBXBuildFile;
			settings = {
			};
		};
		2CA3F88208BEE59500F997B9 = {
			fileEncoding = 4;
			isa = PBXFileReference;
			lastKnownFileType = sourcecode.applescript;
			path = ToolPaletteController.applescript;
			refType = 4;
			sourceTree = "<group>";
		};
		2CA3F88308BEE59500F997B9 = {
			fileRef = 2CA3F88208BEE59500F997B9;
			isa = PBXBuildFile;
			settings = {
				ATTRIBUTES = (
					Debug,
				);
			};
		};
		2CB63A5D08CF038D002FCC88 = {
			children = (
				2C42F0DD08CDF41D00765CCF,
				2C42F0DE08CDF41D00765CCF,
			);
			isa = PBXGroup;
			name = Unused;
			refType = 4;
			sourceTree = "<group>";
		};
		2CB63A6B08CF053A002FCC88 = {
			fileEncoding = 4;
			isa = PBXFileReference;
			lastKnownFileType = sourcecode.c.h;
			path = TitlelessWindow.h;
			refType = 4;
			sourceTree = "<group>";
		};
		2CB63A6C08CF053A002FCC88 = {
			fileEncoding = 4;
			isa = PBXFileReference;
			lastKnownFileType = sourcecode.c.objc;
			path = TitlelessWindow.m;
			refType = 4;
			sourceTree = "<group>";
		};
		2CB63A6D08CF053A002FCC88 = {
			fileRef = 2CB63A6B08CF053A002FCC88;
			isa = PBXBuildFile;
			settings = {
			};
		};
		2CB63A6E08CF053A002FCC88 = {
			fileRef = 2CB63A6C08CF053A002FCC88;
			isa = PBXBuildFile;
			settings = {
			};
		};
		2CC144FA08067AB000F04B63 = {
			fileEncoding = 4;
			isa = PBXFileReference;
			lastKnownFileType = sourcecode.applescript;
			path = TerminalCommander.applescript;
			refType = 4;
			sourceTree = "<group>";
		};
		2CCD19FA06BE5DF800B6B166 = {
			fileEncoding = 4;
			isa = PBXFileReference;
			lastKnownFileType = sourcecode.applescript;
			path = TeXDocObj.applescript;
			refType = 4;
			sourceTree = "<group>";
		};
		2CCD1A4A06BE616C00B6B166 = {
			fileEncoding = 4;
			isa = PBXFileReference;
			lastKnownFileType = sourcecode.applescript;
			path = DVIObj.applescript;
			refType = 4;
			sourceTree = "<group>";
		};
		2CD553EC08BCDE96007E43D1 = {
			children = (
				2C6CA39608CF5558005D5612,
				2C6CA39708CF5558005D5612,
				2CB63A6B08CF053A002FCC88,
				2CB63A6C08CF053A002FCC88,
				2C59769108CC7A3A0050C238,
				2C59769208CC7A3A0050C238,
				2CA3F84E08BEE22A00F997B9,
				2CA3F84D08BEE22A00F997B9,
				2CD553ED08BCDEB8007E43D1,
				2CD553EE08BCDEB8007E43D1,
				2CD5554C08BEC77E007E43D1,
				2CD5554D08BEC77E007E43D1,
				2CA3F85D08BEE2AB00F997B9,
				2CA3F85E08BEE2AB00F997B9,
			);
			isa = PBXGroup;
			name = Classes;
			refType = 4;
			sourceTree = "<group>";
		};
		2CD553ED08BCDEB8007E43D1 = {
			fileEncoding = 4;
			isa = PBXFileReference;
			lastKnownFileType = sourcecode.c.h;
			path = SettingWindowController.h;
			refType = 4;
			sourceTree = "<group>";
		};
		2CD553EE08BCDEB8007E43D1 = {
			fileEncoding = 4;
			isa = PBXFileReference;
			lastKnownFileType = sourcecode.c.objc;
			path = SettingWindowController.m;
			refType = 4;
			sourceTree = "<group>";
		};
		2CD553EF08BCDEB8007E43D1 = {
			fileRef = 2CD553ED08BCDEB8007E43D1;
			isa = PBXBuildFile;
			settings = {
			};
		};
		2CD553F008BCDEB8007E43D1 = {
			fileRef = 2CD553EE08BCDEB8007E43D1;
			isa = PBXBuildFile;
			settings = {
			};
		};
		2CD5554C08BEC77E007E43D1 = {
			fileEncoding = "-2147483647";
			isa = PBXFileReference;
			lastKnownFileType = sourcecode.c.h;
			path = AppController.h;
			refType = 4;
			sourceTree = "<group>";
		};
		2CD5554D08BEC77E007E43D1 = {
			fileEncoding = "-2147483647";
			isa = PBXFileReference;
			lastKnownFileType = sourcecode.c.objc;
			path = AppController.m;
			refType = 4;
			sourceTree = "<group>";
		};
		2CD5554E08BEC77E007E43D1 = {
			fileRef = 2CD5554C08BEC77E007E43D1;
			isa = PBXBuildFile;
			settings = {
			};
		};
		2CD5554F08BEC77F007E43D1 = {
			fileRef = 2CD5554D08BEC77E007E43D1;
			isa = PBXBuildFile;
			settings = {
			};
		};
		2CD5AA9506CCD9B500967BE0 = {
			isa = PBXFileReference;
			lastKnownFileType = image.icns;
			path = TeXCompileServer.icns;
			refType = 4;
			sourceTree = "<group>";
		};
		2CD607E60569023A00FAFD6B = {
			buildSettings = {
				COPY_PHASE_STRIP = NO;
				OPTIMIZATION_CFLAGS = "-O0";
				OTHER_OSAFLAGS = "-l \\\"AppleScript Debugger\\\"";
			};
			isa = PBXBuildStyle;
			name = SDDebug;
		};
		2CDA10AA069404FE00467991 = {
			fileEncoding = 4;
			isa = PBXFileReference;
			lastKnownFileType = sourcecode.applescript;
			path = PDFObj.applescript;
			refType = 4;
			sourceTree = "<group>";
		};
		2CDACD7F0813BE3F000B9086 = {
			fileEncoding = 4;
			isa = PBXFileReference;
			lastKnownFileType = sourcecode.c.h;
			path = LogParser.h;
			refType = 4;
			sourceTree = "<group>";
		};
		2CDACD800813BE3F000B9086 = {
			fileEncoding = 4;
			isa = PBXFileReference;
			lastKnownFileType = sourcecode.c.h;
			path = stringExtra.h;
			refType = 4;
			sourceTree = "<group>";
		};
		2CDACD810813BE3F000B9086 = {
			fileEncoding = 4;
			isa = PBXFileReference;
			lastKnownFileType = sourcecode.c.objc;
			path = stringExtra.m;
			refType = 4;
			sourceTree = "<group>";
		};
		2CDACD820813BE3F000B9086 = {
			fileEncoding = 4;
			isa = PBXFileReference;
			lastKnownFileType = sourcecode.c.objc;
			path = LogParser.m;
			refType = 4;
			sourceTree = "<group>";
		};
		2CDACE460813EF6B000B9086 = {
			isa = PBXFileReference;
			lastKnownFileType = "compiled.mach-o.executable";
			name = miclient;
			path = "/Users/tkurita/Factories/Script factory/ProjectsX/Scripts for mi/miclient/miclient/build/miclient";
			refType = 0;
			sourceTree = "<absolute>";
		};
//2C0
//2C1
//2C2
//2C3
//2C4
//4A0
//4A1
//4A2
//4A3
//4A4
		4A9504CCFFE6A4B311CA0CBA = {
			buildSettings = {
				COPY_PHASE_STRIP = NO;
				GCC_DYNAMIC_NO_PIC = NO;
				GCC_ENABLE_FIX_AND_CONTINUE = YES;
				GCC_GENERATE_DEBUGGING_SYMBOLS = YES;
				GCC_OPTIMIZATION_LEVEL = 0;
				OPTIMIZATION_CFLAGS = "-O0";
				ZERO_LINK = YES;
			};
			isa = PBXBuildStyle;
			name = Development;
		};
		4A9504CDFFE6A4B311CA0CBA = {
			buildSettings = {
				COPY_PHASE_STRIP = YES;
				DEPLOYMENT_LOCATION = YES;
				DSTROOT = "$(HOME)";
				GCC_ENABLE_FIX_AND_CONTINUE = NO;
				INSTALL_MODE_FLAG = "a+rX";
				INSTALL_PATH = /Library/Preferences/mi/mode/TEX;
				OTHER_OSAFLAGS = "-x";
				ZERO_LINK = NO;
			};
			isa = PBXBuildStyle;
			name = Deployment;
		};
//4A0
//4A1
//4A2
//4A3
//4A4
//DA0
//DA1
//DA2
//DA3
//DA4
		DA206CF1015C4E2903C91932 = {
			isa = PBXFileReference;
			lastKnownFileType = wrapper.framework;
			name = AppleScriptKit.framework;
			path = /System/Library/Frameworks/AppleScriptKit.framework;
			refType = 0;
			sourceTree = "<absolute>";
		};
		DA206CF3015C4E8B03C91932 = {
			fileEncoding = "-2147483647";
			isa = PBXFileReference;
			lastKnownFileType = sourcecode.applescript;
			path = TeXCompileServer.applescript;
			refType = 4;
			sourceTree = "<group>";
		};
		DA206CF4015C4E8B03C91932 = {
			isa = PBXFileReference;
			lastKnownFileType = archive.asdictionary;
			name = AppleScriptKit.asdictionary;
			path = /System/Library/Frameworks/AppleScriptKit.framework/Versions/A/Resources/AppleScriptKit.asdictionary;
			refType = 0;
			sourceTree = "<absolute>";
		};
	};
	rootObject = 29B97313FDCFA39411CA2CEA;
}
